
Microsoft Visual Studio Solution File, Format Version 12.00
# Visual Studio Version 16
VisualStudioVersion = 16.0.33328.57
MinimumVisualStudioVersion = 10.0.40219.1
Project("{8BC9CEB8-8B4A-11D0-8D11-00A0C91BC942}") = "Client", "Client\Default\Client.vcxproj", "{A80F716E-CF08-4A5E-9CE3-D40C6512D4EE}"
	ProjectSection(ProjectDependencies) = postProject
		{8A1BFF46-5741-4101-8BA8-F70C358112D3} = {8A1BFF46-5741-4101-8BA8-F70C358112D3}
	EndProjectSection
EndProject
Project("{8BC9CEB8-8B4A-11D0-8D11-00A0C91BC942}") = "Engine", "Engine\Default\Engine.vcxproj", "{8A1BFF46-5741-4101-8BA8-F70C358112D3}"
EndProject
Project("{8BC9CEB8-8B4A-11D0-8D11-00A0C91BC942}") = "AssimpPaser", "AssimpPaser\Default\AssimpPaser.vcxproj", "{A370FE8F-3C0F-4487-A83F-56E2F470EFA0}"
	ProjectSection(ProjectDependencies) = postProject
		{8A1BFF46-5741-4101-8BA8-F70C358112D3} = {8A1BFF46-5741-4101-8BA8-F70C358112D3}
	EndProjectSection
EndProject
Project("{8BC9CEB8-8B4A-11D0-8D11-00A0C91BC942}") = "FolderOrganizer", "FolderOrganizer\FolderOrganizer.vcxproj", "{2E04786F-118E-4C46-A02A-69C16C7D775B}"
EndProject
Global
	GlobalSection(SolutionConfigurationPlatforms) = preSolution
		Debug|x64 = Debug|x64
		Debug|x86 = Debug|x86
		Release|x64 = Release|x64
		Release|x86 = Release|x86
	EndGlobalSection
	GlobalSection(ProjectConfigurationPlatforms) = postSolution
		{A80F716E-CF08-4A5E-9CE3-D40C6512D4EE}.Debug|x64.ActiveCfg = Debug|x64
		{A80F716E-CF08-4A5E-9CE3-D40C6512D4EE}.Debug|x64.Build.0 = Debug|x64
		{A80F716E-CF08-4A5E-9CE3-D40C6512D4EE}.Debug|x86.ActiveCfg = Debug|Win32
		{A80F716E-CF08-4A5E-9CE3-D40C6512D4EE}.Debug|x86.Build.0 = Debug|Win32
		{A80F716E-CF08-4A5E-9CE3-D40C6512D4EE}.Release|x64.ActiveCfg = Release|x64
		{A80F716E-CF08-4A5E-9CE3-D40C6512D4EE}.Release|x64.Build.0 = Release|x64
		{A80F716E-CF08-4A5E-9CE3-D40C6512D4EE}.Release|x86.ActiveCfg = Release|Win32
		{A80F716E-CF08-4A5E-9CE3-D40C6512D4EE}.Release|x86.Build.0 = Release|Win32
		{8A1BFF46-5741-4101-8BA8-F70C358112D3}.Debug|x64.ActiveCfg = Debug|x64
		{8A1BFF46-5741-4101-8BA8-F70C358112D3}.Debug|x64.Build.0 = Debug|x64
		{8A1BFF46-5741-4101-8BA8-F70C358112D3}.Debug|x86.ActiveCfg = Debug|Win32
		{8A1BFF46-5741-4101-8BA8-F70C358112D3}.Debug|x86.Build.0 = Debug|Win32
		{8A1BFF46-5741-4101-8BA8-F70C358112D3}.Release|x64.ActiveCfg = Release|x64
		{8A1BFF46-5741-4101-8BA8-F70C358112D3}.Release|x64.Build.0 = Release|x64
		{8A1BFF46-5741-4101-8BA8-F70C358112D3}.Release|x86.ActiveCfg = Release|Win32
		{8A1BFF46-5741-4101-8BA8-F70C358112D3}.Release|x86.Build.0 = Release|Win32
		{A370FE8F-3C0F-4487-A83F-56E2F470EFA0}.Debug|x64.ActiveCfg = Debug|x64
		{A370FE8F-3C0F-4487-A83F-56E2F470EFA0}.Debug|x64.Build.0 = Debug|x64
		{A370FE8F-3C0F-4487-A83F-56E2F470EFA0}.Debug|x86.ActiveCfg = Debug|Win32
		{A370FE8F-3C0F-4487-A83F-56E2F470EFA0}.Debug|x86.Build.0 = Debug|Win32
		{A370FE8F-3C0F-4487-A83F-56E2F470EFA0}.Release|x64.ActiveCfg = Release|x64
		{A370FE8F-3C0F-4487-A83F-56E2F470EFA0}.Release|x64.Build.0 = Release|x64
		{A370FE8F-3C0F-4487-A83F-56E2F470EFA0}.Release|x86.ActiveCfg = Release|Win32
		{A370FE8F-3C0F-4487-A83F-56E2F470EFA0}.Release|x86.Build.0 = Release|Win32
		{2E04786F-118E-4C46-A02A-69C16C7D775B}.Debug|x64.ActiveCfg = Debug|x64
		{2E04786F-118E-4C46-A02A-69C16C7D775B}.Debug|x64.Build.0 = Debug|x64
		{2E04786F-118E-4C46-A02A-69C16C7D775B}.Debug|x86.ActiveCfg = Debug|Win32
		{2E04786F-118E-4C46-A02A-69C16C7D775B}.Debug|x86.Build.0 = Debug|Win32
		{2E04786F-118E-4C46-A02A-69C16C7D775B}.Release|x64.ActiveCfg = Release|x64
		{2E04786F-118E-4C46-A02A-69C16C7D775B}.Release|x64.Build.0 = Release|x64
		{2E04786F-118E-4C46-A02A-69C16C7D775B}.Release|x86.ActiveCfg = Release|Win32
		{2E04786F-118E-4C46-A02A-69C16C7D775B}.Release|x86.Build.0 = Release|Win32
	EndGlobalSection
	GlobalSection(SolutionProperties) = preSolution
		HideSolutionNode = FALSE
	EndGlobalSection
	GlobalSection(ExtensibilityGlobals) = postSolution
		SolutionGuid = {F147A8E9-D211-490E-B8AF-033E9ED17F7D}
	EndGlobalSection
EndGlobal
