<?xml version="1.0" encoding="utf-8"?>
<Project ToolsVersion="4.0" xmlns="http://schemas.microsoft.com/developer/msbuild/2003">
  <ItemGroup>
    <ClCompile Include="..\private\Graphic_Device.cpp">
      <Filter>00. System\00.Device\GraphicDev</Filter>
    </ClCompile>
    <ClCompile Include="..\Private\GameInstance.cpp">
      <Filter>01. Utility\00. GameInstance</Filter>
    </ClCompile>
    <ClCompile Include="..\Private\Base.cpp">
      <Filter>01. Utility\99. SuperClass</Filter>
    </ClCompile>
    <ClCompile Include="..\private\Level.cpp">
      <Filter>01. Utility\01. Levels\Level</Filter>
    </ClCompile>
    <ClCompile Include="..\private\Level_Manager.cpp">
      <Filter>01. Utility\01. Levels</Filter>
    </ClCompile>
    <ClCompile Include="..\private\GameObject.cpp">
      <Filter>01. Utility\02. GameObjects</Filter>
    </ClCompile>
    <ClCompile Include="..\private\Layer.cpp">
      <Filter>01. Utility\02. GameObjects\Manager\Layer</Filter>
    </ClCompile>
    <ClCompile Include="..\private\Object_Manager.cpp">
      <Filter>01. Utility\02. GameObjects\Manager</Filter>
    </ClCompile>
    <ClCompile Include="..\private\Timer.cpp">
      <Filter>00. System\01.Timer</Filter>
    </ClCompile>
    <ClCompile Include="..\private\Timer_Manager.cpp">
      <Filter>00. System\01.Timer\Manager</Filter>
    </ClCompile>
    <ClCompile Include="..\private\Component.cpp">
      <Filter>01. Utility\03. Components</Filter>
    </ClCompile>
    <ClCompile Include="..\private\Renderer.cpp">
      <Filter>01. Utility\03. Components\Renderer</Filter>
    </ClCompile>
    <ClCompile Include="..\private\Component_Manager.cpp">
      <Filter>01. Utility\03. Components\Manager</Filter>
    </ClCompile>
    <ClCompile Include="..\private\VIBuffer.cpp">
      <Filter>01. Utility\03. Components\VIBuffer</Filter>
    </ClCompile>
    <ClCompile Include="..\private\Shader.cpp">
      <Filter>01. Utility\03. Components\Shader</Filter>
    </ClCompile>
    <ClCompile Include="..\Public\Engine_Struct.cpp">
      <Filter>99. Headers</Filter>
    </ClCompile>
    <ClCompile Include="..\Private\VIBuffer_Rect.cpp">
      <Filter>01. Utility\03. Components\VIBuffer\Rect</Filter>
    </ClCompile>
    <ClCompile Include="..\private\Texture.cpp">
      <Filter>01. Utility\03. Components\Texture</Filter>
    </ClCompile>
    <ClCompile Include="..\Private\Transform.cpp">
      <Filter>01. Utility\03. Components\Transform</Filter>
    </ClCompile>
    <ClCompile Include="..\private\VIBuffer_Terrain.cpp">
      <Filter>01. Utility\03. Components\VIBuffer\Terrain</Filter>
    </ClCompile>
    <ClCompile Include="..\private\Camera.cpp">
      <Filter>01. Utility\02. GameObjects\Camera</Filter>
    </ClCompile>
    <ClCompile Include="..\private\PipeLine.cpp">
      <Filter>01. Utility\04. PipeLine</Filter>
    </ClCompile>
    <ClCompile Include="..\private\Composite.cpp">
      <Filter>01. Utility\03. Components\00. Composite</Filter>
    </ClCompile>
    <ClCompile Include="..\private\Input_Device.cpp">
      <Filter>00. System\00.Device\Input\Input_Device</Filter>
    </ClCompile>
    <ClCompile Include="..\private\Light.cpp">
      <Filter>01. Utility\05. Lights</Filter>
    </ClCompile>
    <ClCompile Include="Light_Manager.cpp">
      <Filter>01. Utility\05. Lights\Manager</Filter>
    </ClCompile>
    <ClCompile Include="VIBuffer_Cube.cpp">
      <Filter>01. Utility\03. Components\VIBuffer\Cube</Filter>
    </ClCompile>
    <ClCompile Include="..\private\Model.cpp">
      <Filter>01. Utility\03. Components\Model</Filter>
    </ClCompile>
    <ClCompile Include="..\private\Bone.cpp">
      <Filter>01. Utility\03. Components\Model\Bone</Filter>
    </ClCompile>
    <ClCompile Include="..\private\Mesh.cpp">
      <Filter>01. Utility\03. Components\Model\Mesh</Filter>
    </ClCompile>
    <ClCompile Include="..\Private\Assimp_Struct.cpp">
      <Filter>99. Headers</Filter>
    </ClCompile>
    <ClCompile Include="..\Private\Channel.cpp">
      <Filter>01. Utility\03. Components\Model\Animation\Channel</Filter>
    </ClCompile>
    <ClCompile Include="..\private\Animation.cpp">
      <Filter>01. Utility\03. Components\Model\Animation</Filter>
    </ClCompile>
    <ClCompile Include="..\private\VIBuffer_Cell.cpp">
      <Filter>01. Utility\03. Components\VIBuffer\Navigation</Filter>
    </ClCompile>
    <ClCompile Include="..\Private\Navigation.cpp">
      <Filter>01. Utility\03. Components\Navigation</Filter>
    </ClCompile>
    <ClCompile Include="..\Private\Cell.cpp">
      <Filter>01. Utility\03. Components\Navigation\Cell</Filter>
    </ClCompile>
    <ClCompile Include="..\Private\DebugDraw.cpp">
      <Filter>01. Utility\03. Components\Collider\DebugDraw</Filter>
    </ClCompile>
    <ClCompile Include="..\Private\Collider.cpp">
      <Filter>01. Utility\03. Components\Collider</Filter>
    </ClCompile>
    <ClCompile Include="..\Private\ColliderSphere.cpp">
      <Filter>01. Utility\03. Components\Collider\ColliderSphere</Filter>
    </ClCompile>
    <ClCompile Include="..\private\ColliderAABB.cpp">
      <Filter>01. Utility\03. Components\Collider\ColliderAABB</Filter>
    </ClCompile>
    <ClCompile Include="..\private\VIBuffer_Ray.cpp">
      <Filter>01. Utility\03. Components\VIBuffer\Ray</Filter>
    </ClCompile>
    <ClCompile Include="..\Private\Raycast.cpp">
      <Filter>01. Utility\03. Components\Collider\Raycast</Filter>
    </ClCompile>
    <ClCompile Include="..\private\CollisionMgr.cpp">
      <Filter>01. Utility\03. Components\Collider\Manager</Filter>
    </ClCompile>
    <ClCompile Include="..\private\Frustum.cpp">
      <Filter>01. Utility\04. PipeLine\Frustrum</Filter>
    </ClCompile>
    <ClCompile Include="..\private\RenderTarget.cpp">
      <Filter>01. Utility\08. RenderTargets</Filter>
    </ClCompile>
    <ClCompile Include="..\private\Target_Manager.cpp">
      <Filter>01. Utility\08. RenderTargets\Manager</Filter>
    </ClCompile>
    <ClCompile Include="..\private\VIBuffer_Rect_Instance.cpp">
      <Filter>01. Utility\03. Components\VIBuffer\Instancing\Rect</Filter>
    </ClCompile>
    <ClCompile Include="..\private\VIBuffer_Point_Instance.cpp">
      <Filter>01. Utility\03. Components\VIBuffer\Instancing\Point</Filter>
    </ClCompile>
    <ClCompile Include="..\private\VIBuffer_Instancing.cpp">
      <Filter>01. Utility\03. Components\VIBuffer\Instancing</Filter>
    </ClCompile>
    <ClCompile Include="..\private\Font_Manager.cpp">
      <Filter>01. Utility\06. Fonts\Manager</Filter>
    </ClCompile>
    <ClCompile Include="..\Private\CustomFont.cpp">
      <Filter>01. Utility\06. Fonts</Filter>
    </ClCompile>
    <ClCompile Include="..\private\Health.cpp">
      <Filter>01. Utility\03. Components\Health</Filter>
    </ClCompile>
    <ClCompile Include="..\private\TimeCounter.cpp">
      <Filter>01. Utility\03. Components\TimeConuter</Filter>
    </ClCompile>
    <ClCompile Include="..\private\VIBuffer_DynamicRect.cpp">
      <Filter>01. Utility\03. Components\VIBuffer\Rect</Filter>
    </ClCompile>
    <ClCompile Include="..\private\Transform2D.cpp">
      <Filter>01. Utility\03. Components\Transform</Filter>
    </ClCompile>
    <ClCompile Include="..\private\Observer.cpp">
      <Filter>98. Interface</Filter>
    </ClCompile>
  </ItemGroup>
  <ItemGroup>
    <ClInclude Include="..\Public\Graphic_Device.h">
      <Filter>00. System\00.Device\GraphicDev</Filter>
    </ClInclude>
    <ClInclude Include="..\Public\GameInstance.h">
      <Filter>01. Utility\00. GameInstance</Filter>
    </ClInclude>
    <ClInclude Include="..\Public\Engine_Defines.h">
      <Filter>99. Headers</Filter>
    </ClInclude>
    <ClInclude Include="..\Public\Engine_Function.h">
      <Filter>99. Headers</Filter>
    </ClInclude>
    <ClInclude Include="..\Public\Engine_Macro.h">
      <Filter>99. Headers</Filter>
    </ClInclude>
    <ClInclude Include="..\Public\Engine_Typedef.h">
      <Filter>99. Headers</Filter>
    </ClInclude>
    <ClInclude Include="..\Public\Engine_Struct.h">
      <Filter>99. Headers</Filter>
    </ClInclude>
    <ClInclude Include="..\Public\Base.h">
      <Filter>01. Utility\99. SuperClass</Filter>
    </ClInclude>
    <ClInclude Include="..\public\Level.h">
      <Filter>01. Utility\01. Levels\Level</Filter>
    </ClInclude>
    <ClInclude Include="..\public\Level_Manager.h">
      <Filter>01. Utility\01. Levels</Filter>
    </ClInclude>
    <ClInclude Include="..\Public\GameObject.h">
      <Filter>01. Utility\02. GameObjects</Filter>
    </ClInclude>
    <ClInclude Include="..\public\Layer.h">
      <Filter>01. Utility\02. GameObjects\Manager\Layer</Filter>
    </ClInclude>
    <ClInclude Include="..\public\Object_Manager.h">
      <Filter>01. Utility\02. GameObjects\Manager</Filter>
    </ClInclude>
    <ClInclude Include="..\public\Timer.h">
      <Filter>00. System\01.Timer</Filter>
    </ClInclude>
    <ClInclude Include="..\public\Timer_Manager.h">
      <Filter>00. System\01.Timer\Manager</Filter>
    </ClInclude>
    <ClInclude Include="..\public\Component.h">
      <Filter>01. Utility\03. Components</Filter>
    </ClInclude>
    <ClInclude Include="..\public\Renderer.h">
      <Filter>01. Utility\03. Components\Renderer</Filter>
    </ClInclude>
    <ClInclude Include="..\public\Component_Manager.h">
      <Filter>01. Utility\03. Components\Manager</Filter>
    </ClInclude>
    <ClInclude Include="..\public\VIBuffer.h">
      <Filter>01. Utility\03. Components\VIBuffer</Filter>
    </ClInclude>
    <ClInclude Include="..\public\VIBuffer_Rect.h">
      <Filter>01. Utility\03. Components\VIBuffer\Rect</Filter>
    </ClInclude>
    <ClInclude Include="..\public\Shader.h">
      <Filter>01. Utility\03. Components\Shader</Filter>
    </ClInclude>
    <ClInclude Include="..\public\Texture.h">
      <Filter>01. Utility\03. Components\Texture</Filter>
    </ClInclude>
    <ClInclude Include="..\Public\Transform.h">
      <Filter>01. Utility\03. Components\Transform</Filter>
    </ClInclude>
    <ClInclude Include="..\public\VIBuffer_Terrain.h">
      <Filter>01. Utility\03. Components\VIBuffer\Terrain</Filter>
    </ClInclude>
    <ClInclude Include="..\public\Camera.h">
      <Filter>01. Utility\02. GameObjects\Camera</Filter>
    </ClInclude>
    <ClInclude Include="..\public\PipeLine.h">
      <Filter>01. Utility\04. PipeLine</Filter>
    </ClInclude>
    <ClInclude Include="..\public\Composite.h">
      <Filter>01. Utility\03. Components\00. Composite</Filter>
    </ClInclude>
    <ClInclude Include="..\public\Input_Device.h">
      <Filter>00. System\00.Device\Input\Input_Device</Filter>
    </ClInclude>
    <ClInclude Include="..\public\Light.h">
      <Filter>01. Utility\05. Lights</Filter>
    </ClInclude>
    <ClInclude Include="..\public\Light_Manager.h">
      <Filter>01. Utility\05. Lights\Manager</Filter>
    </ClInclude>
    <ClInclude Include="..\public\VIBuffer_Cube.h">
      <Filter>01. Utility\03. Components\VIBuffer\Cube</Filter>
    </ClInclude>
    <ClInclude Include="..\public\Model.h">
      <Filter>01. Utility\03. Components\Model</Filter>
    </ClInclude>
    <ClInclude Include="..\Public\ReadFunction.h">
      <Filter>99. Headers</Filter>
    </ClInclude>
    <ClInclude Include="..\public\Bone.h">
      <Filter>01. Utility\03. Components\Model\Bone</Filter>
    </ClInclude>
    <ClInclude Include="..\public\Mesh.h">
      <Filter>01. Utility\03. Components\Model\Mesh</Filter>
    </ClInclude>
    <ClInclude Include="..\Public\Assimp_Struct.h">
      <Filter>99. Headers</Filter>
    </ClInclude>
    <ClInclude Include="..\Public\Channel.h">
      <Filter>01. Utility\03. Components\Model\Animation\Channel</Filter>
    </ClInclude>
    <ClInclude Include="..\public\Animation.h">
      <Filter>01. Utility\03. Components\Model\Animation</Filter>
    </ClInclude>
    <ClInclude Include="..\public\VIBuffer_Cell.h">
      <Filter>01. Utility\03. Components\VIBuffer\Navigation</Filter>
    </ClInclude>
    <ClInclude Include="..\public\Navigation.h">
      <Filter>01. Utility\03. Components\Navigation</Filter>
    </ClInclude>
    <ClInclude Include="..\public\Cell.h">
      <Filter>01. Utility\03. Components\Navigation\Cell</Filter>
    </ClInclude>
    <ClInclude Include="..\Public\ISerializable.h">
      <Filter>98. Interface</Filter>
    </ClInclude>
    <ClInclude Include="..\Public\DebugDraw.h">
      <Filter>01. Utility\03. Components\Collider\DebugDraw</Filter>
    </ClInclude>
    <ClInclude Include="..\Public\Collider.h">
      <Filter>01. Utility\03. Components\Collider</Filter>
    </ClInclude>
    <ClInclude Include="..\Public\ColliderSphere.h">
      <Filter>01. Utility\03. Components\Collider\ColliderSphere</Filter>
    </ClInclude>
    <ClInclude Include="..\Public\IStateMachine.h">
      <Filter>98. Interface</Filter>
    </ClInclude>
    <ClInclude Include="..\public\ColliderAABB.h">
      <Filter>01. Utility\03. Components\Collider\ColliderAABB</Filter>
    </ClInclude>
    <ClInclude Include="..\public\VIBuffer_Ray.h">
      <Filter>01. Utility\03. Components\VIBuffer\Ray</Filter>
    </ClInclude>
    <ClInclude Include="..\Public\Raycast.h">
      <Filter>01. Utility\03. Components\Collider\Raycast</Filter>
    </ClInclude>
    <ClInclude Include="..\public\CollisionMgr.h">
      <Filter>01. Utility\03. Components\Collider\Manager</Filter>
    </ClInclude>
    <ClInclude Include="..\public\Frustum.h">
      <Filter>01. Utility\04. PipeLine\Frustrum</Filter>
    </ClInclude>
    <ClInclude Include="..\public\RenderTarget.h">
      <Filter>01. Utility\08. RenderTargets</Filter>
    </ClInclude>
    <ClInclude Include="..\public\Target_Manager.h">
      <Filter>01. Utility\08. RenderTargets\Manager</Filter>
    </ClInclude>
    <ClInclude Include="..\public\VIBuffer_Rect_Instance.h">
      <Filter>01. Utility\03. Components\VIBuffer\Instancing\Rect</Filter>
    </ClInclude>
    <ClInclude Include="..\public\VIBuffer_Point_Instance.h">
      <Filter>01. Utility\03. Components\VIBuffer\Instancing\Point</Filter>
    </ClInclude>
    <ClInclude Include="..\public\VIBuffer_Instancing.h">
      <Filter>01. Utility\03. Components\VIBuffer\Instancing</Filter>
    </ClInclude>
    <ClInclude Include="..\public\Font_Manager.h">
      <Filter>01. Utility\06. Fonts\Manager</Filter>
    </ClInclude>
    <ClInclude Include="..\Public\CustomFont.h">
      <Filter>01. Utility\06. Fonts</Filter>
    </ClInclude>
    <ClInclude Include="..\public\Health.h">
      <Filter>01. Utility\03. Components\Health</Filter>
    </ClInclude>
    <ClInclude Include="..\public\TimeCounter.h">
      <Filter>01. Utility\03. Components\TimeConuter</Filter>
    </ClInclude>
    <ClInclude Include="..\public\VIBuffer_DynamicRect.h">
      <Filter>01. Utility\03. Components\VIBuffer\Rect</Filter>
    </ClInclude>
    <ClInclude Include="..\public\Transform2D.h">
      <Filter>01. Utility\03. Components\Transform</Filter>
    </ClInclude>
    <ClInclude Include="..\public\Observer.h">
      <Filter>98. Interface</Filter>
    </ClInclude>
  </ItemGroup>
  <ItemGroup>
    <Filter Include="00. System">
      <UniqueIdentifier>{949075ff-2834-4973-b47b-0122964d5995}</UniqueIdentifier>
    </Filter>
    <Filter Include="01. Utility">
      <UniqueIdentifier>{2170b703-cea9-4531-874f-483401556824}</UniqueIdentifier>
    </Filter>
    <Filter Include="99. Headers">
      <UniqueIdentifier>{4f947f70-d680-43ba-af14-1c181bfae0f9}</UniqueIdentifier>
    </Filter>
    <Filter Include="01. Utility\99. SuperClass">
      <UniqueIdentifier>{6c8d6577-0084-4d01-ab1f-279f331468c9}</UniqueIdentifier>
    </Filter>
    <Filter Include="01. Utility\01. Levels">
      <UniqueIdentifier>{1809b018-ed0a-4902-9bef-21b1c90a03dd}</UniqueIdentifier>
    </Filter>
    <Filter Include="01. Utility\01. Levels\Level">
      <UniqueIdentifier>{457a65f9-11bc-4a04-9fa2-6213a02e6c00}</UniqueIdentifier>
    </Filter>
    <Filter Include="00. System\01.Timer">
      <UniqueIdentifier>{dca17925-ae22-42d9-868a-33bf1a511e35}</UniqueIdentifier>
    </Filter>
    <Filter Include="00. System\00.Device">
      <UniqueIdentifier>{2fbcb108-8504-49e6-8a15-6f70a2501e9f}</UniqueIdentifier>
    </Filter>
    <Filter Include="00. System\00.Device\GraphicDev">
      <UniqueIdentifier>{c513b509-0fc9-41a3-b320-a40d72d556b8}</UniqueIdentifier>
    </Filter>
    <Filter Include="00. System\01.Timer\Manager">
      <UniqueIdentifier>{d3d03336-27c7-45db-b5ae-1809582a1b10}</UniqueIdentifier>
    </Filter>
    <Filter Include="01. Utility\00. GameInstance">
      <UniqueIdentifier>{a4a972fc-018f-4248-8f41-91db36e41883}</UniqueIdentifier>
    </Filter>
    <Filter Include="01. Utility\03. Components">
      <UniqueIdentifier>{89f072ca-a8be-4c4e-b263-fa2155cd0d26}</UniqueIdentifier>
    </Filter>
    <Filter Include="01. Utility\03. Components\Renderer">
      <UniqueIdentifier>{d17a080d-a0cc-46e6-a132-b97bee000daa}</UniqueIdentifier>
    </Filter>
    <Filter Include="01. Utility\03. Components\Manager">
      <UniqueIdentifier>{d69d0958-b2df-41ba-a992-c48d40d2ca07}</UniqueIdentifier>
    </Filter>
    <Filter Include="01. Utility\03. Components\VIBuffer">
      <UniqueIdentifier>{e908f139-92df-480c-be3c-2c9ce6a0db6f}</UniqueIdentifier>
    </Filter>
    <Filter Include="01. Utility\03. Components\VIBuffer\Rect">
      <UniqueIdentifier>{a274c2be-b5ae-43a8-9ef5-541055e2941e}</UniqueIdentifier>
    </Filter>
    <Filter Include="01. Utility\03. Components\Shader">
      <UniqueIdentifier>{329ec160-39f1-4451-8a5a-5cb6c96ce870}</UniqueIdentifier>
    </Filter>
    <Filter Include="01. Utility\03. Components\Texture">
      <UniqueIdentifier>{ff7c84ee-c852-420b-81a1-fcded4d587e6}</UniqueIdentifier>
    </Filter>
    <Filter Include="01. Utility\03. Components\Transform">
      <UniqueIdentifier>{ca54fbff-4671-4017-898e-46e1db064c7c}</UniqueIdentifier>
    </Filter>
    <Filter Include="01. Utility\03. Components\VIBuffer\Terrain">
      <UniqueIdentifier>{036601c4-486b-47f2-83c0-71da23343d87}</UniqueIdentifier>
    </Filter>
    <Filter Include="01. Utility\04. PipeLine">
      <UniqueIdentifier>{4f5046f1-eddc-4dd8-ac68-0505a7b8cc77}</UniqueIdentifier>
    </Filter>
    <Filter Include="01. Utility\03. Components\00. Composite">
      <UniqueIdentifier>{631de7ee-d6e8-46f1-9715-a58796393202}</UniqueIdentifier>
    </Filter>
    <Filter Include="00. System\00.Device\Input">
      <UniqueIdentifier>{588c78fa-b52f-4a90-a91b-dd6d0538dd65}</UniqueIdentifier>
    </Filter>
    <Filter Include="00. System\00.Device\Input\Input_Device">
      <UniqueIdentifier>{3dba5a6e-1e4e-43a1-91e9-747acd4eb64c}</UniqueIdentifier>
    </Filter>
    <Filter Include="01. Utility\05. Lights">
      <UniqueIdentifier>{03839583-4ad1-4c4a-9386-bb83c9ade0ec}</UniqueIdentifier>
    </Filter>
    <Filter Include="01. Utility\05. Lights\Manager">
      <UniqueIdentifier>{91addc48-60f2-4d49-9648-1135ae624f7c}</UniqueIdentifier>
    </Filter>
    <Filter Include="01. Utility\03. Components\VIBuffer\Cube">
      <UniqueIdentifier>{80befcf9-92f9-47a2-aefd-fbb7e3fbb1b7}</UniqueIdentifier>
    </Filter>
    <Filter Include="01. Utility\03. Components\Model">
      <UniqueIdentifier>{53826820-81c3-46d0-9ed3-1cc19151bdb1}</UniqueIdentifier>
    </Filter>
    <Filter Include="01. Utility\03. Components\Model\Animation">
      <UniqueIdentifier>{956aa2b1-155c-45ee-a62f-b3b2ab9324d6}</UniqueIdentifier>
    </Filter>
    <Filter Include="01. Utility\03. Components\Model\Bone">
      <UniqueIdentifier>{d8a186bb-7962-4112-a3cf-13ca693ea819}</UniqueIdentifier>
    </Filter>
    <Filter Include="01. Utility\03. Components\Model\Mesh">
      <UniqueIdentifier>{44ce9f18-0397-4b6c-b74c-11864483ca08}</UniqueIdentifier>
    </Filter>
    <Filter Include="01. Utility\03. Components\Model\Animation\Channel">
      <UniqueIdentifier>{8db63411-f692-46d3-bd98-50d7298447fc}</UniqueIdentifier>
    </Filter>
    <Filter Include="01. Utility\03. Components\Navigation">
      <UniqueIdentifier>{fe35c284-8ab7-40e4-82d6-6b5a214db939}</UniqueIdentifier>
    </Filter>
    <Filter Include="01. Utility\03. Components\VIBuffer\Navigation">
      <UniqueIdentifier>{f0a49dc5-28b8-4b27-9aa4-2ea3d028fab1}</UniqueIdentifier>
    </Filter>
    <Filter Include="01. Utility\03. Components\Navigation\Cell">
      <UniqueIdentifier>{bb535f83-f346-44f2-815a-3aaf2cf68dc0}</UniqueIdentifier>
    </Filter>
    <Filter Include="98. Interface">
      <UniqueIdentifier>{5af96fcb-e6bb-4a2c-8674-6ac97608bae8}</UniqueIdentifier>
    </Filter>
    <Filter Include="01. Utility\03. Components\Collider">
      <UniqueIdentifier>{e25c9683-5fdf-4c68-86de-4e623fd5cdbf}</UniqueIdentifier>
    </Filter>
    <Filter Include="01. Utility\03. Components\Collider\DebugDraw">
      <UniqueIdentifier>{edbca0fd-31bc-4f68-bb83-f7bd60634626}</UniqueIdentifier>
    </Filter>
    <Filter Include="01. Utility\03. Components\Collider\ColliderSphere">
      <UniqueIdentifier>{50b68a15-770c-4d29-adbd-7bbc00b25f96}</UniqueIdentifier>
    </Filter>
    <Filter Include="01. Utility\03. Components\Collider\ColliderAABB">
      <UniqueIdentifier>{c4f7fe82-8635-4fd8-a27c-7dc40e394a3f}</UniqueIdentifier>
    </Filter>
    <Filter Include="01. Utility\03. Components\Collider\ColliderOBB">
      <UniqueIdentifier>{7641eb8b-06d5-4ca7-9be5-e3905a9df8c0}</UniqueIdentifier>
    </Filter>
    <Filter Include="01. Utility\03. Components\Collider\Raycast">
      <UniqueIdentifier>{f819a212-5619-45fe-96d6-9a2924acae43}</UniqueIdentifier>
    </Filter>
    <Filter Include="01. Utility\03. Components\StateContext">
      <UniqueIdentifier>{786db06f-d245-4282-8d4d-a62416b67471}</UniqueIdentifier>
    </Filter>
    <Filter Include="01. Utility\03. Components\Collider\Manager">
      <UniqueIdentifier>{c722913d-dfd4-4a3b-ba0e-2a00b7275a71}</UniqueIdentifier>
    </Filter>
    <Filter Include="01. Utility\04. PipeLine\Frustrum">
      <UniqueIdentifier>{c3c4586b-ce54-4cdb-979a-ebbddd5974aa}</UniqueIdentifier>
    </Filter>
    <Filter Include="01. Utility\06. Fonts">
      <UniqueIdentifier>{5b3198eb-482d-424c-9867-55d614d78afe}</UniqueIdentifier>
    </Filter>
    <Filter Include="01. Utility\07. Frustum">
      <UniqueIdentifier>{87761cec-6fb3-4690-9e86-9ace0604a46d}</UniqueIdentifier>
    </Filter>
    <Filter Include="01. Utility\08. RenderTargets">
      <UniqueIdentifier>{cfd83c52-7cf0-4b96-b575-48ada37ad2d3}</UniqueIdentifier>
    </Filter>
    <Filter Include="01. Utility\08. RenderTargets\Manager">
      <UniqueIdentifier>{1d2355b2-3cb9-4ca5-ae1d-9fe657fa9d4f}</UniqueIdentifier>
    </Filter>
    <Filter Include="01. Utility\03. Components\Renderer\Deffered">
      <UniqueIdentifier>{5188fa1e-b1a5-46dd-a108-6803e851b26e}</UniqueIdentifier>
    </Filter>
    <Filter Include="01. Utility\03. Components\VIBuffer\Instancing">
      <UniqueIdentifier>{ab288560-3327-4a9d-8e84-c23bafb77be5}</UniqueIdentifier>
    </Filter>
    <Filter Include="01. Utility\03. Components\VIBuffer\Instancing\Point">
      <UniqueIdentifier>{3e9d2419-dcdb-4b92-8261-92929c76d8c9}</UniqueIdentifier>
    </Filter>
    <Filter Include="01. Utility\03. Components\VIBuffer\Instancing\Rect">
      <UniqueIdentifier>{9d45ecdd-2630-4a88-bc7a-280c6c564bc2}</UniqueIdentifier>
    </Filter>
    <Filter Include="01. Utility\03. Components\VIBuffer\Ray">
      <UniqueIdentifier>{4050028a-8095-412e-b168-806caf5e41f6}</UniqueIdentifier>
    </Filter>
    <Filter Include="01. Utility\06. Fonts\Manager">
      <UniqueIdentifier>{125508d7-f0e7-4174-975a-3efb69f6ad78}</UniqueIdentifier>
    </Filter>
    <Filter Include="01. Utility\03. Components\Health">
      <UniqueIdentifier>{5c2503c1-7335-46e7-a462-50750f1a4855}</UniqueIdentifier>
    </Filter>
    <Filter Include="01. Utility\02. GameObjects">
      <UniqueIdentifier>{621fe94b-23ac-48dd-ba80-1fde0859a9a8}</UniqueIdentifier>
    </Filter>
    <Filter Include="01. Utility\02. GameObjects\Manager">
      <UniqueIdentifier>{1c6a7277-c30b-42c7-bb4e-108958308727}</UniqueIdentifier>
    </Filter>
    <Filter Include="01. Utility\02. GameObjects\Manager\Layer">
      <UniqueIdentifier>{f7d508c0-8f82-4a6e-a12d-e04847dfc2fa}</UniqueIdentifier>
    </Filter>
    <Filter Include="01. Utility\02. GameObjects\Camera">
      <UniqueIdentifier>{0e86cd84-aee2-45b0-8724-1def92fc2ee5}</UniqueIdentifier>
    </Filter>
    <Filter Include="01. Utility\03. Components\TimeConuter">
      <UniqueIdentifier>{a1d6f242-5511-4274-a19e-992cbe7ecba6}</UniqueIdentifier>
    </Filter>
  </ItemGroup>
  <ItemGroup>
    <FxCompile Include="..\Bin\ShaderFiles\Shader_Navigation.hlsl">
      <Filter>01. Utility\03. Components\Navigation</Filter>
    </FxCompile>
    <FxCompile Include="..\Bin\ShaderFiles\Shader_Deferred.hlsl">
      <Filter>01. Utility\03. Components\Renderer\Deffered</Filter>
    </FxCompile>
  </ItemGroup>
</Project>