<?xml version="1.0" encoding="utf-8"?>
<Project ToolsVersion="4.0" xmlns="http://schemas.microsoft.com/developer/msbuild/2003">
  <ItemGroup>
    <ClCompile Include="..\private\Graphic_Device.cpp">
      <Filter>00. System\00.Device\GraphicDev</Filter>
    </ClCompile>
    <ClCompile Include="..\Private\GameInstance.cpp">
      <Filter>01. Utility\00. GameInstance</Filter>
    </ClCompile>
    <ClCompile Include="..\Private\Base.cpp">
      <Filter>01. Utility\99. SuperClass</Filter>
    </ClCompile>
    <ClCompile Include="..\private\Level.cpp">
      <Filter>01. Utility\01. Levels\Level</Filter>
    </ClCompile>
    <ClCompile Include="..\private\Level_Manager.cpp">
      <Filter>01. Utility\01. Levels</Filter>
    </ClCompile>
    <ClCompile Include="..\private\GameObject.cpp">
      <Filter>01. Utility\02. GameObjects</Filter>
    </ClCompile>
    <ClCompile Include="..\private\Layer.cpp">
      <Filter>01. Utility\02. GameObjects\Manager\Layer</Filter>
    </ClCompile>
    <ClCompile Include="..\private\Object_Manager.cpp">
      <Filter>01. Utility\02. GameObjects\Manager</Filter>
    </ClCompile>
    <ClCompile Include="..\private\Timer.cpp">
      <Filter>00. System\01.Timer</Filter>
    </ClCompile>
    <ClCompile Include="..\private\Timer_Manager.cpp">
      <Filter>00. System\01.Timer\Manager</Filter>
    </ClCompile>
    <ClCompile Include="..\private\Component.cpp">
      <Filter>01. Utility\03. Component</Filter>
    </ClCompile>
    <ClCompile Include="..\private\Renderer.cpp">
      <Filter>01. Utility\03. Component\Renderer</Filter>
    </ClCompile>
    <ClCompile Include="..\private\Component_Manager.cpp">
      <Filter>01. Utility\03. Component\Manager</Filter>
    </ClCompile>
    <ClCompile Include="..\private\VIBuffer.cpp">
      <Filter>01. Utility\03. Component\VIBuffer</Filter>
    </ClCompile>
    <ClCompile Include="VIBuffer_Rect.cpp">
      <Filter>01. Utility\03. Component\VIBuffer\Rect</Filter>
    </ClCompile>
    <ClCompile Include="..\private\Shader.cpp">
      <Filter>01. Utility\03. Component\Shader</Filter>
    </ClCompile>
    <ClCompile Include="..\Public\Engine_Struct.cpp">
      <Filter>99. Headers</Filter>
    </ClCompile>
  </ItemGroup>
  <ItemGroup>
    <ClInclude Include="..\Public\Graphic_Device.h">
      <Filter>00. System\00.Device\GraphicDev</Filter>
    </ClInclude>
    <ClInclude Include="..\Public\GameInstance.h">
      <Filter>01. Utility\00. GameInstance</Filter>
    </ClInclude>
    <ClInclude Include="..\Public\Engine_Defines.h">
      <Filter>99. Headers</Filter>
    </ClInclude>
    <ClInclude Include="..\Public\Engine_Function.h">
      <Filter>99. Headers</Filter>
    </ClInclude>
    <ClInclude Include="..\Public\Engine_Macro.h">
      <Filter>99. Headers</Filter>
    </ClInclude>
    <ClInclude Include="..\Public\Engine_Typedef.h">
      <Filter>99. Headers</Filter>
    </ClInclude>
    <ClInclude Include="..\Public\Engine_Struct.h">
      <Filter>99. Headers</Filter>
    </ClInclude>
    <ClInclude Include="..\Public\Base.h">
      <Filter>01. Utility\99. SuperClass</Filter>
    </ClInclude>
    <ClInclude Include="..\public\Level.h">
      <Filter>01. Utility\01. Levels\Level</Filter>
    </ClInclude>
    <ClInclude Include="..\public\Level_Manager.h">
      <Filter>01. Utility\01. Levels</Filter>
    </ClInclude>
    <ClInclude Include="..\Public\GameObject.h">
      <Filter>01. Utility\02. GameObjects</Filter>
    </ClInclude>
    <ClInclude Include="..\public\Layer.h">
      <Filter>01. Utility\02. GameObjects\Manager\Layer</Filter>
    </ClInclude>
    <ClInclude Include="..\public\Object_Manager.h">
      <Filter>01. Utility\02. GameObjects\Manager</Filter>
    </ClInclude>
    <ClInclude Include="..\public\Timer.h">
      <Filter>00. System\01.Timer</Filter>
    </ClInclude>
    <ClInclude Include="..\public\Timer_Manager.h">
      <Filter>00. System\01.Timer\Manager</Filter>
    </ClInclude>
    <ClInclude Include="..\public\Component.h">
      <Filter>01. Utility\03. Component</Filter>
    </ClInclude>
    <ClInclude Include="..\public\Renderer.h">
      <Filter>01. Utility\03. Component\Renderer</Filter>
    </ClInclude>
    <ClInclude Include="..\public\Component_Manager.h">
      <Filter>01. Utility\03. Component\Manager</Filter>
    </ClInclude>
    <ClInclude Include="..\public\VIBuffer.h">
      <Filter>01. Utility\03. Component\VIBuffer</Filter>
    </ClInclude>
    <ClInclude Include="..\public\VIBuffer_Rect.h">
      <Filter>01. Utility\03. Component\VIBuffer\Rect</Filter>
    </ClInclude>
    <ClInclude Include="..\public\Shader.h">
      <Filter>01. Utility\03. Component\Shader</Filter>
    </ClInclude>
  </ItemGroup>
  <ItemGroup>
    <Filter Include="00. System">
      <UniqueIdentifier>{949075ff-2834-4973-b47b-0122964d5995}</UniqueIdentifier>
    </Filter>
    <Filter Include="01. Utility">
      <UniqueIdentifier>{2170b703-cea9-4531-874f-483401556824}</UniqueIdentifier>
    </Filter>
    <Filter Include="99. Headers">
      <UniqueIdentifier>{4f947f70-d680-43ba-af14-1c181bfae0f9}</UniqueIdentifier>
    </Filter>
    <Filter Include="01. Utility\99. SuperClass">
      <UniqueIdentifier>{6c8d6577-0084-4d01-ab1f-279f331468c9}</UniqueIdentifier>
    </Filter>
    <Filter Include="01. Utility\01. Levels">
      <UniqueIdentifier>{1809b018-ed0a-4902-9bef-21b1c90a03dd}</UniqueIdentifier>
    </Filter>
    <Filter Include="01. Utility\01. Levels\Level">
      <UniqueIdentifier>{457a65f9-11bc-4a04-9fa2-6213a02e6c00}</UniqueIdentifier>
    </Filter>
    <Filter Include="01. Utility\02. GameObjects">
      <UniqueIdentifier>{621fe94b-23ac-48dd-ba80-1fde0859a9a8}</UniqueIdentifier>
    </Filter>
    <Filter Include="01. Utility\02. GameObjects\Manager">
      <UniqueIdentifier>{1c6a7277-c30b-42c7-bb4e-108958308727}</UniqueIdentifier>
    </Filter>
    <Filter Include="01. Utility\02. GameObjects\Manager\Layer">
      <UniqueIdentifier>{f7d508c0-8f82-4a6e-a12d-e04847dfc2fa}</UniqueIdentifier>
    </Filter>
    <Filter Include="00. System\01.Timer">
      <UniqueIdentifier>{dca17925-ae22-42d9-868a-33bf1a511e35}</UniqueIdentifier>
    </Filter>
    <Filter Include="00. System\00.Device">
      <UniqueIdentifier>{2fbcb108-8504-49e6-8a15-6f70a2501e9f}</UniqueIdentifier>
    </Filter>
    <Filter Include="00. System\00.Device\GraphicDev">
      <UniqueIdentifier>{c513b509-0fc9-41a3-b320-a40d72d556b8}</UniqueIdentifier>
    </Filter>
    <Filter Include="00. System\01.Timer\Manager">
      <UniqueIdentifier>{d3d03336-27c7-45db-b5ae-1809582a1b10}</UniqueIdentifier>
    </Filter>
    <Filter Include="01. Utility\03. Component">
      <UniqueIdentifier>{89f072ca-a8be-4c4e-b263-fa2155cd0d26}</UniqueIdentifier>
    </Filter>
    <Filter Include="01. Utility\03. Component\Renderer">
      <UniqueIdentifier>{d17a080d-a0cc-46e6-a132-b97bee000daa}</UniqueIdentifier>
    </Filter>
    <Filter Include="01. Utility\03. Component\Manager">
      <UniqueIdentifier>{d69d0958-b2df-41ba-a992-c48d40d2ca07}</UniqueIdentifier>
    </Filter>
    <Filter Include="01. Utility\03. Component\VIBuffer">
      <UniqueIdentifier>{e908f139-92df-480c-be3c-2c9ce6a0db6f}</UniqueIdentifier>
    </Filter>
    <Filter Include="01. Utility\03. Component\VIBuffer\Rect">
      <UniqueIdentifier>{a274c2be-b5ae-43a8-9ef5-541055e2941e}</UniqueIdentifier>
    </Filter>
    <Filter Include="01. Utility\03. Component\Shader">
      <UniqueIdentifier>{329ec160-39f1-4451-8a5a-5cb6c96ce870}</UniqueIdentifier>
    </Filter>
    <Filter Include="01. Utility\00. GameInstance">
      <UniqueIdentifier>{a4a972fc-018f-4248-8f41-91db36e41883}</UniqueIdentifier>
    </Filter>
  </ItemGroup>
</Project>