<?xml version="1.0" encoding="utf-8"?>
<Project ToolsVersion="4.0" xmlns="http://schemas.microsoft.com/developer/msbuild/2003">
  <ItemGroup>
    <ClCompile Include="..\..\imgui.cpp">
      <Filter>98. Default</Filter>
    </ClCompile>
    <ClCompile Include="..\..\imgui_demo.cpp">
      <Filter>98. Default</Filter>
    </ClCompile>
    <ClCompile Include="..\..\imgui_draw.cpp">
      <Filter>98. Default</Filter>
    </ClCompile>
    <ClCompile Include="..\..\backends\imgui_impl_dx11.cpp">
      <Filter>98. Default</Filter>
    </ClCompile>
    <ClCompile Include="..\..\backends\imgui_impl_win32.cpp">
      <Filter>98. Default</Filter>
    </ClCompile>
    <ClCompile Include="..\..\imgui_tables.cpp">
      <Filter>98. Default</Filter>
    </ClCompile>
    <ClCompile Include="..\..\imgui_widgets.cpp">
      <Filter>98. Default</Filter>
    </ClCompile>
    <ClCompile Include="0main.cpp">
      <Filter>98. Default</Filter>
    </ClCompile>
    <ClCompile Include="Public\Imgui_Struct.cpp">
      <Filter>99. Headers</Filter>
    </ClCompile>
    <ClCompile Include="private\MainTool.cpp">
      <Filter>00. MainTool</Filter>
    </ClCompile>
    <ClCompile Include="Private\Base.cpp">
      <Filter>98. Default\00. SuperClass</Filter>
    </ClCompile>
    <ClCompile Include="private\EditObject.cpp">
      <Filter>02. EditObject\00. Manager</Filter>
    </ClCompile>
    <ClCompile Include="private\ImWindow.cpp">
      <Filter>01. ImWindow\00. Manager</Filter>
    </ClCompile>
    <ClCompile Include="private\ImWindow_Manager.cpp">
      <Filter>01. ImWindow\00. Manager</Filter>
    </ClCompile>
  </ItemGroup>
  <ItemGroup>
    <ClInclude Include="..\..\imconfig.h">
      <Filter>98. Default</Filter>
    </ClInclude>
    <ClInclude Include="..\..\imgui.h">
      <Filter>98. Default</Filter>
    </ClInclude>
    <ClInclude Include="..\..\backends\imgui_impl_dx11.h">
      <Filter>98. Default</Filter>
    </ClInclude>
    <ClInclude Include="..\..\backends\imgui_impl_win32.h">
      <Filter>98. Default</Filter>
    </ClInclude>
    <ClInclude Include="..\..\imgui_internal.h">
      <Filter>98. Default</Filter>
    </ClInclude>
    <ClInclude Include="Public\Imgui_Defines.h">
      <Filter>99. Headers</Filter>
    </ClInclude>
    <ClInclude Include="Public\Imgui_Typedef.h">
      <Filter>99. Headers</Filter>
    </ClInclude>
    <ClInclude Include="Public\Imgui_Macro.h">
      <Filter>99. Headers</Filter>
    </ClInclude>
    <ClInclude Include="Public\Imgui_Struct.h">
      <Filter>99. Headers</Filter>
    </ClInclude>
    <ClInclude Include="Public\Imgui_Function.h">
      <Filter>99. Headers</Filter>
    </ClInclude>
    <ClInclude Include="public\MainTool.h">
      <Filter>00. MainTool</Filter>
    </ClInclude>
    <ClInclude Include="Public\Base.h">
      <Filter>98. Default\00. SuperClass</Filter>
    </ClInclude>
    <ClInclude Include="public\EditObject.h">
      <Filter>02. EditObject\00. Manager</Filter>
    </ClInclude>
    <ClInclude Include="public\ImWindow.h">
      <Filter>01. ImWindow\00. Manager</Filter>
    </ClInclude>
    <ClInclude Include="public\ImWindow_Manager.h">
      <Filter>01. ImWindow\00. Manager</Filter>
    </ClInclude>
  </ItemGroup>
  <ItemGroup>
    <None Include="..\README.txt" />
    <None Include="..\..\misc\debuggers\imgui.natstepfilter">
      <Filter>98. Default</Filter>
    </None>
    <None Include="..\..\misc\debuggers\imgui.natvis">
      <Filter>98. Default</Filter>
    </None>
  </ItemGroup>
  <ItemGroup>
    <Filter Include="98. Default">
      <UniqueIdentifier>{8be7ea7e-c2ea-4a07-98bb-55ffada64e0a}</UniqueIdentifier>
    </Filter>
    <Filter Include="99. Headers">
      <UniqueIdentifier>{8405f235-db5a-4ba0-b9f6-a0a62a682133}</UniqueIdentifier>
    </Filter>
    <Filter Include="00. MainTool">
      <UniqueIdentifier>{e997f62a-1324-466c-87a0-1bcb10d32ccf}</UniqueIdentifier>
    </Filter>
    <Filter Include="98. Default\00. SuperClass">
      <UniqueIdentifier>{ab3b4444-de7a-4e9c-aa2a-a28d85e92b86}</UniqueIdentifier>
    </Filter>
    <Filter Include="01. ImWindow">
      <UniqueIdentifier>{a5a83e5a-b5ef-4520-8911-85201ca56eaa}</UniqueIdentifier>
    </Filter>
    <Filter Include="02. EditObject">
      <UniqueIdentifier>{ec74efb8-8048-4f58-b916-60c1dc9555c0}</UniqueIdentifier>
    </Filter>
    <Filter Include="02. EditObject\00. Manager">
      <UniqueIdentifier>{1e1e3002-1b50-4b6d-8388-560f2bfdde25}</UniqueIdentifier>
    </Filter>
    <Filter Include="01. ImWindow\00. Manager">
      <UniqueIdentifier>{d84e785d-9d9e-4ae6-9a56-30ec972153c7}</UniqueIdentifier>
    </Filter>
  </ItemGroup>
</Project>