<?xml version="1.0" encoding="utf-8"?>
<Project ToolsVersion="4.0" xmlns="http://schemas.microsoft.com/developer/msbuild/2003">
  <ItemGroup>
    <Filter Include="99. Headers">
      <UniqueIdentifier>{7f29dc09-5d22-4a8c-bee2-2ba4da6fc61d}</UniqueIdentifier>
    </Filter>
    <Filter Include="98. Default">
      <UniqueIdentifier>{0c761fa6-36a1-4a7e-a66d-4e81a516077b}</UniqueIdentifier>
    </Filter>
    <Filter Include="01. Levels">
      <UniqueIdentifier>{c8c15c71-9087-43f3-8cac-db4b7cb5f475}</UniqueIdentifier>
    </Filter>
    <Filter Include="00. MainApp">
      <UniqueIdentifier>{42b8bdbc-4957-4003-b9f2-840560798878}</UniqueIdentifier>
    </Filter>
    <Filter Include="01. Levels\00. Logo">
      <UniqueIdentifier>{f7ef05bc-e74c-4f58-b1e8-df104e6b7662}</UniqueIdentifier>
    </Filter>
    <Filter Include="01. Levels\01. GamePlay">
      <UniqueIdentifier>{4f600b29-59c5-40ce-aa7f-16a08f320865}</UniqueIdentifier>
    </Filter>
    <Filter Include="01. Levels\99. Loading">
      <UniqueIdentifier>{1f3ff082-3df7-46f2-bc3f-9a6cb80e1940}</UniqueIdentifier>
    </Filter>
    <Filter Include="01. Levels\99. Loading\Loader">
      <UniqueIdentifier>{f09b8893-2231-43e6-a92f-76f4e9bd1408}</UniqueIdentifier>
    </Filter>
    <Filter Include="02. GameObject">
      <UniqueIdentifier>{7123b0cd-05a0-4042-bebc-7400b94a1f9d}</UniqueIdentifier>
    </Filter>
    <Filter Include="02. GameObject\BackGround">
      <UniqueIdentifier>{39d68aa7-c375-4c3b-9af5-70e0105c19f7}</UniqueIdentifier>
    </Filter>
    <Filter Include="97. ShaderFiles">
      <UniqueIdentifier>{59bcbf77-ae23-4a98-baaf-a5f0a37c90cf}</UniqueIdentifier>
    </Filter>
    <Filter Include="02. GameObject\Camera">
      <UniqueIdentifier>{64cee68d-feb5-4a45-8151-ee2d424ba2a8}</UniqueIdentifier>
    </Filter>
    <Filter Include="02. GameObject\Camera\FreeCam">
      <UniqueIdentifier>{d4edb7f4-4e6b-4c65-9b50-5f0be53b33b4}</UniqueIdentifier>
    </Filter>
    <Filter Include="02. GameObject\Terrain">
      <UniqueIdentifier>{f002b723-511b-4b3c-aa44-e8f6b37d7d74}</UniqueIdentifier>
    </Filter>
    <Filter Include="98. Default\IMGUI">
      <UniqueIdentifier>{8b86e764-1f25-4760-b652-1c6d5fc58765}</UniqueIdentifier>
    </Filter>
    <Filter Include="98. Default\IMGUI\soruces">
      <UniqueIdentifier>{46502292-4067-4030-a01d-ab28aa1a2917}</UniqueIdentifier>
    </Filter>
    <Filter Include="01. Levels\98. Imgui">
      <UniqueIdentifier>{5d901690-a3cb-4630-8cdd-08f930725d02}</UniqueIdentifier>
    </Filter>
    <Filter Include="98. Default\IMGUI\00. Manager">
      <UniqueIdentifier>{0bb8ec66-41a2-4669-b788-e0201ee5de31}</UniqueIdentifier>
    </Filter>
    <Filter Include="98. Default\IMGUI\01. ImWindow">
      <UniqueIdentifier>{3df48032-fa95-43b1-bad1-309be2acdab8}</UniqueIdentifier>
    </Filter>
    <Filter Include="98. Default\IMGUI\02. ImWindow_Demo">
      <UniqueIdentifier>{9a6997b3-dc31-42aa-937e-1e07bf3bd6c2}</UniqueIdentifier>
    </Filter>
    <Filter Include="98. Default\IMGUI\imgui">
      <UniqueIdentifier>{624ef5db-d6f4-4878-b346-e98003cfe17e}</UniqueIdentifier>
    </Filter>
    <Filter Include="02. GameObject\Cube">
      <UniqueIdentifier>{3198cdde-d249-4ee9-93c5-d530941a16e0}</UniqueIdentifier>
    </Filter>
    <Filter Include="98. Default\IMGUI\03. EditCamera">
      <UniqueIdentifier>{eade0cab-4b16-472a-ab00-2f8994b484a6}</UniqueIdentifier>
    </Filter>
    <Filter Include="02. GameObject\Player">
      <UniqueIdentifier>{97037014-9efd-49a3-8612-7273ea3b7474}</UniqueIdentifier>
    </Filter>
    <Filter Include="02. GameObject\Monster">
      <UniqueIdentifier>{8e4eb307-a883-48ed-85a0-e80d476bfd64}</UniqueIdentifier>
    </Filter>
  </ItemGroup>
  <ItemGroup>
    <ClInclude Include="targetver.h">
      <Filter>98. Default</Filter>
    </ClInclude>
    <ClInclude Include="Client.h">
      <Filter>98. Default</Filter>
    </ClInclude>
    <ClInclude Include="framework.h">
      <Filter>98. Default</Filter>
    </ClInclude>
    <ClInclude Include="Resource.h">
      <Filter>98. Default</Filter>
    </ClInclude>
    <ClInclude Include="..\Public\Client_Defines.h">
      <Filter>99. Headers</Filter>
    </ClInclude>
    <ClInclude Include="..\Public\MainApp.h">
      <Filter>00. MainApp</Filter>
    </ClInclude>
    <ClInclude Include="..\public\Level_Logo.h">
      <Filter>01. Levels\00. Logo</Filter>
    </ClInclude>
    <ClInclude Include="..\public\Level_GamePlay.h">
      <Filter>01. Levels\01. GamePlay</Filter>
    </ClInclude>
    <ClInclude Include="..\public\Level_Loading.h">
      <Filter>01. Levels\99. Loading</Filter>
    </ClInclude>
    <ClInclude Include="..\public\Loader.h">
      <Filter>01. Levels\99. Loading\Loader</Filter>
    </ClInclude>
    <ClInclude Include="..\public\BackGround.h">
      <Filter>02. GameObject\BackGround</Filter>
    </ClInclude>
    <ClInclude Include="..\public\Camera_Free.h">
      <Filter>02. GameObject\Camera\FreeCam</Filter>
    </ClInclude>
    <ClInclude Include="..\public\Terrain.h">
      <Filter>02. GameObject\Terrain</Filter>
    </ClInclude>
    <ClInclude Include="..\IMGUI\imconfig.h">
      <Filter>98. Default\IMGUI\imgui</Filter>
    </ClInclude>
    <ClInclude Include="..\IMGUI\imgui.h">
      <Filter>98. Default\IMGUI\imgui</Filter>
    </ClInclude>
    <ClInclude Include="..\IMGUI\imgui_internal.h">
      <Filter>98. Default\IMGUI\imgui</Filter>
    </ClInclude>
    <ClInclude Include="..\IMGUI\backends\imgui_impl_dx11.h">
      <Filter>98. Default\IMGUI\soruces</Filter>
    </ClInclude>
    <ClInclude Include="..\IMGUI\backends\imgui_impl_win32.h">
      <Filter>98. Default\IMGUI\soruces</Filter>
    </ClInclude>
    <ClInclude Include="..\public\Level_Imgui.h">
      <Filter>01. Levels\98. Imgui</Filter>
    </ClInclude>
    <ClInclude Include="..\Public\ImWindow_Demo.h">
      <Filter>98. Default\IMGUI\02. ImWindow_Demo</Filter>
    </ClInclude>
    <ClInclude Include="..\Public\ImWindow.h">
      <Filter>98. Default\IMGUI\01. ImWindow</Filter>
    </ClInclude>
    <ClInclude Include="..\Public\ImWindow_Manager.h">
      <Filter>98. Default\IMGUI\00. Manager</Filter>
    </ClInclude>
    <ClInclude Include="..\public\Cube.h">
      <Filter>02. GameObject\Cube</Filter>
    </ClInclude>
    <ClInclude Include="..\public\EditCamera.h">
      <Filter>98. Default\IMGUI\03. EditCamera</Filter>
    </ClInclude>
    <ClInclude Include="..\public\Player.h">
      <Filter>02. GameObject\Player</Filter>
    </ClInclude>
    <ClInclude Include="..\public\Monster.h">
      <Filter>02. GameObject\Monster</Filter>
    </ClInclude>
  </ItemGroup>
  <ItemGroup>
    <Image Include="small.ico">
      <Filter>98. Default</Filter>
    </Image>
    <Image Include="Client.ico">
      <Filter>98. Default</Filter>
    </Image>
  </ItemGroup>
  <ItemGroup>
    <ClCompile Include="Client.cpp">
      <Filter>98. Default</Filter>
    </ClCompile>
    <ClCompile Include="..\Private\MainApp.cpp">
      <Filter>00. MainApp</Filter>
    </ClCompile>
    <ClCompile Include="..\private\Level_Logo.cpp">
      <Filter>01. Levels\00. Logo</Filter>
    </ClCompile>
    <ClCompile Include="..\private\Level_GamePlay.cpp">
      <Filter>01. Levels\01. GamePlay</Filter>
    </ClCompile>
    <ClCompile Include="..\private\Level_Loading.cpp">
      <Filter>01. Levels\99. Loading</Filter>
    </ClCompile>
    <ClCompile Include="..\private\Loader.cpp">
      <Filter>01. Levels\99. Loading\Loader</Filter>
    </ClCompile>
    <ClCompile Include="..\private\BackGround.cpp">
      <Filter>02. GameObject\BackGround</Filter>
    </ClCompile>
    <ClCompile Include="..\private\Camera_Free.cpp">
      <Filter>02. GameObject\Camera\FreeCam</Filter>
    </ClCompile>
    <ClCompile Include="..\Private\Terrain.cpp">
      <Filter>02. GameObject\Terrain</Filter>
    </ClCompile>
    <ClCompile Include="..\IMGUI\imgui.cpp">
      <Filter>98. Default\IMGUI\imgui</Filter>
    </ClCompile>
    <ClCompile Include="..\IMGUI\imgui_demo.cpp">
      <Filter>98. Default\IMGUI\imgui</Filter>
    </ClCompile>
    <ClCompile Include="..\IMGUI\imgui_draw.cpp">
      <Filter>98. Default\IMGUI\imgui</Filter>
    </ClCompile>
    <ClCompile Include="..\IMGUI\imgui_tables.cpp">
      <Filter>98. Default\IMGUI\imgui</Filter>
    </ClCompile>
    <ClCompile Include="..\IMGUI\imgui_widgets.cpp">
      <Filter>98. Default\IMGUI\imgui</Filter>
    </ClCompile>
    <ClCompile Include="..\IMGUI\backends\imgui_impl_dx11.cpp">
      <Filter>98. Default\IMGUI\soruces</Filter>
    </ClCompile>
    <ClCompile Include="..\IMGUI\backends\imgui_impl_win32.cpp">
      <Filter>98. Default\IMGUI\soruces</Filter>
    </ClCompile>
    <ClCompile Include="..\private\Level_Imgui.cpp">
      <Filter>01. Levels\98. Imgui</Filter>
    </ClCompile>
    <ClCompile Include="..\Private\ImWindow_Demo.cpp">
      <Filter>98. Default\IMGUI\02. ImWindow_Demo</Filter>
    </ClCompile>
    <ClCompile Include="..\Private\ImWindow.cpp">
      <Filter>98. Default\IMGUI\01. ImWindow</Filter>
    </ClCompile>
    <ClCompile Include="..\Private\ImWindow_Manager.cpp">
      <Filter>98. Default\IMGUI\00. Manager</Filter>
    </ClCompile>
    <ClCompile Include="..\private\Cube.cpp">
      <Filter>02. GameObject\Cube</Filter>
    </ClCompile>
    <ClCompile Include="..\Private\UnityBuild.cpp">
      <Filter>99. Headers</Filter>
    </ClCompile>
    <ClCompile Include="..\private\EditCamera.cpp">
      <Filter>98. Default\IMGUI\03. EditCamera</Filter>
    </ClCompile>
    <ClCompile Include="..\private\Player.cpp">
      <Filter>02. GameObject\Player</Filter>
    </ClCompile>
    <ClCompile Include="..\private\Monster.cpp">
      <Filter>02. GameObject\Monster</Filter>
    </ClCompile>
  </ItemGroup>
  <ItemGroup>
    <ResourceCompile Include="Client.rc">
      <Filter>98. Default</Filter>
    </ResourceCompile>
  </ItemGroup>
  <ItemGroup>
    <FxCompile Include="..\Bin\ShaderFiles\Shader_Vtxtex.hlsl">
      <Filter>97. ShaderFiles</Filter>
    </FxCompile>
    <FxCompile Include="..\Bin\ShaderFiles\Shader_VtxNorTex.hlsl">
      <Filter>97. ShaderFiles</Filter>
    </FxCompile>
    <FxCompile Include="..\Bin\ShaderFiles\Shader_VtxCol.hlsl">
      <Filter>97. ShaderFiles</Filter>
    </FxCompile>
    <FxCompile Include="..\Bin\ShaderFiles\Shader_VtxAnimMesh.hlsl">
      <Filter>97. ShaderFiles</Filter>
    </FxCompile>
    <FxCompile Include="..\Bin\ShaderFiles\Shader_VtxMesh.hlsl">
      <Filter>97. ShaderFiles</Filter>
    </FxCompile>
  </ItemGroup>
  <ItemGroup>
    <None Include="..\IMGUI\misc\debuggers\imgui.natstepfilter">
      <Filter>98. Default\IMGUI\imgui</Filter>
    </None>
  </ItemGroup>
  <ItemGroup>
    <Natvis Include="..\IMGUI\misc\debuggers\imgui.natvis">
      <Filter>98. Default\IMGUI\imgui</Filter>
    </Natvis>
  </ItemGroup>
</Project>