<?xml version="1.0" encoding="utf-8"?>
<Project ToolsVersion="4.0" xmlns="http://schemas.microsoft.com/developer/msbuild/2003">
  <ItemGroup>
    <Filter Include="99. Headers">
      <UniqueIdentifier>{7f29dc09-5d22-4a8c-bee2-2ba4da6fc61d}</UniqueIdentifier>
    </Filter>
    <Filter Include="98. Default">
      <UniqueIdentifier>{0c761fa6-36a1-4a7e-a66d-4e81a516077b}</UniqueIdentifier>
    </Filter>
    <Filter Include="01. Levels">
      <UniqueIdentifier>{c8c15c71-9087-43f3-8cac-db4b7cb5f475}</UniqueIdentifier>
    </Filter>
    <Filter Include="00. MainApp">
      <UniqueIdentifier>{42b8bdbc-4957-4003-b9f2-840560798878}</UniqueIdentifier>
    </Filter>
    <Filter Include="01. Levels\00. Logo">
      <UniqueIdentifier>{f7ef05bc-e74c-4f58-b1e8-df104e6b7662}</UniqueIdentifier>
    </Filter>
    <Filter Include="01. Levels\01. GamePlay">
      <UniqueIdentifier>{4f600b29-59c5-40ce-aa7f-16a08f320865}</UniqueIdentifier>
    </Filter>
    <Filter Include="01. Levels\99. Loading">
      <UniqueIdentifier>{1f3ff082-3df7-46f2-bc3f-9a6cb80e1940}</UniqueIdentifier>
    </Filter>
    <Filter Include="02. GameObject">
      <UniqueIdentifier>{7123b0cd-05a0-4042-bebc-7400b94a1f9d}</UniqueIdentifier>
    </Filter>
    <Filter Include="02. GameObject\BackGround">
      <UniqueIdentifier>{39d68aa7-c375-4c3b-9af5-70e0105c19f7}</UniqueIdentifier>
    </Filter>
    <Filter Include="97. ShaderFiles">
      <UniqueIdentifier>{59bcbf77-ae23-4a98-baaf-a5f0a37c90cf}</UniqueIdentifier>
    </Filter>
    <Filter Include="02. GameObject\Camera">
      <UniqueIdentifier>{64cee68d-feb5-4a45-8151-ee2d424ba2a8}</UniqueIdentifier>
    </Filter>
    <Filter Include="02. GameObject\Camera\FreeCam">
      <UniqueIdentifier>{d4edb7f4-4e6b-4c65-9b50-5f0be53b33b4}</UniqueIdentifier>
    </Filter>
    <Filter Include="02. GameObject\Terrain">
      <UniqueIdentifier>{f002b723-511b-4b3c-aa44-e8f6b37d7d74}</UniqueIdentifier>
    </Filter>
    <Filter Include="01. Levels\98. Imgui">
      <UniqueIdentifier>{5d901690-a3cb-4630-8cdd-08f930725d02}</UniqueIdentifier>
    </Filter>
    <Filter Include="02. GameObject\Cube">
      <UniqueIdentifier>{3198cdde-d249-4ee9-93c5-d530941a16e0}</UniqueIdentifier>
    </Filter>
    <Filter Include="96. IMGUI">
      <UniqueIdentifier>{8b86e764-1f25-4760-b652-1c6d5fc58765}</UniqueIdentifier>
    </Filter>
    <Filter Include="96. IMGUI\soruces">
      <UniqueIdentifier>{46502292-4067-4030-a01d-ab28aa1a2917}</UniqueIdentifier>
    </Filter>
    <Filter Include="96. IMGUI\00. Manager">
      <UniqueIdentifier>{0bb8ec66-41a2-4669-b788-e0201ee5de31}</UniqueIdentifier>
    </Filter>
    <Filter Include="96. IMGUI\01. ImWindow">
      <UniqueIdentifier>{3df48032-fa95-43b1-bad1-309be2acdab8}</UniqueIdentifier>
    </Filter>
    <Filter Include="96. IMGUI\02. EditCamera">
      <UniqueIdentifier>{eade0cab-4b16-472a-ab00-2f8994b484a6}</UniqueIdentifier>
    </Filter>
    <Filter Include="96. IMGUI\99. imgui">
      <UniqueIdentifier>{624ef5db-d6f4-4878-b346-e98003cfe17e}</UniqueIdentifier>
    </Filter>
    <Filter Include="96. IMGUI\03. ImVertex">
      <UniqueIdentifier>{675ca7ed-4838-4cb9-a47f-76e4ca3b4996}</UniqueIdentifier>
    </Filter>
    <Filter Include="96. IMGUI\01. ImWindow\99. ImWindow_Demo">
      <UniqueIdentifier>{9a6997b3-dc31-42aa-937e-1e07bf3bd6c2}</UniqueIdentifier>
    </Filter>
    <Filter Include="96. IMGUI\01. ImWindow\98. ImMode">
      <UniqueIdentifier>{ac93cbdd-3359-43d8-9728-079d56d1aba1}</UniqueIdentifier>
    </Filter>
    <Filter Include="96. IMGUI\01. ImWindow\01. ImWindow_ObjectTool">
      <UniqueIdentifier>{296bff4e-de67-4fee-8759-0a4a723de7ab}</UniqueIdentifier>
    </Filter>
    <Filter Include="96. IMGUI\01. ImWindow\NewFilter1">
      <UniqueIdentifier>{3423ab4a-f1bd-453a-a65e-e987f69cdd65}</UniqueIdentifier>
    </Filter>
    <Filter Include="96. IMGUI\01. ImWindow\02. ImWindow_MapTool">
      <UniqueIdentifier>{7857ea36-7826-4123-8501-f5c613895ef6}</UniqueIdentifier>
    </Filter>
    <Filter Include="96. IMGUI\01. ImWindow\03. ImWindow_CameraTool">
      <UniqueIdentifier>{5e92187a-c08c-46f5-9d74-4e2aea669f97}</UniqueIdentifier>
    </Filter>
    <Filter Include="96. IMGUI\01. ImWindow\04. ImWindow_AnimationTool">
      <UniqueIdentifier>{1b8969e7-ca2d-473f-b3a4-bfcc00d93f3a}</UniqueIdentifier>
    </Filter>
    <Filter Include="96. IMGUI\01. ImWindow\05. ImWindow_EffectTool">
      <UniqueIdentifier>{2e7d3bde-8b63-4df4-b86b-ca8c6b5b3987}</UniqueIdentifier>
    </Filter>
    <Filter Include="96. IMGUI\01. ImWindow\06. ImWindow_UITool">
      <UniqueIdentifier>{958101a9-ea7e-464a-87a1-3a4793ced280}</UniqueIdentifier>
    </Filter>
    <Filter Include="96. IMGUI\01. ImWindow\07. ImWindow_LightTool">
      <UniqueIdentifier>{0e84a6ee-34e8-477c-ba75-8c4f33a5f78b}</UniqueIdentifier>
    </Filter>
    <Filter Include="96. IMGUI\01. ImWindow\08. ImWindow_SaveLoad">
      <UniqueIdentifier>{def33324-2540-4ccc-a1ed-bc5d563df143}</UniqueIdentifier>
    </Filter>
    <Filter Include="96. IMGUI\03. ImVertex\filedialog">
      <UniqueIdentifier>{fc32de84-a432-44ac-896b-95c2f43a5d98}</UniqueIdentifier>
    </Filter>
    <Filter Include="02. GameObject\Fiona">
      <UniqueIdentifier>{8e4eb307-a883-48ed-85a0-e80d476bfd64}</UniqueIdentifier>
    </Filter>
    <Filter Include="02. GameObject\ForkLift">
      <UniqueIdentifier>{97037014-9efd-49a3-8612-7273ea3b7474}</UniqueIdentifier>
    </Filter>
    <Filter Include="00. Loader">
      <UniqueIdentifier>{f09b8893-2231-43e6-a92f-76f4e9bd1408}</UniqueIdentifier>
    </Filter>
    <Filter Include="02. GameObject\Clint">
      <UniqueIdentifier>{f9294993-46ce-4f52-b991-34107ab7ea3b}</UniqueIdentifier>
    </Filter>
    <Filter Include="02. GameObject\BackGround\BarrelBoxStool">
      <UniqueIdentifier>{975a9f9b-8836-4688-b78a-925a88330c2e}</UniqueIdentifier>
    </Filter>
    <Filter Include="02. GameObject\BackGround\Bush01">
      <UniqueIdentifier>{709d5c7f-9436-4be2-971d-b58e7e5e2b54}</UniqueIdentifier>
    </Filter>
    <Filter Include="02. GameObject\BackGround\BushA">
      <UniqueIdentifier>{90ae0ea8-abc6-4d62-8e36-846aea1fa827}</UniqueIdentifier>
    </Filter>
    <Filter Include="02. GameObject\BackGround\BushB">
      <UniqueIdentifier>{37461de6-c090-4b23-843b-5c760fe9f435}</UniqueIdentifier>
    </Filter>
    <Filter Include="02. GameObject\BackGround\BushC">
      <UniqueIdentifier>{53b8949d-12e0-429d-a266-887803461abd}</UniqueIdentifier>
    </Filter>
    <Filter Include="02. GameObject\BackGround\Cage">
      <UniqueIdentifier>{8b8c160c-0a81-4563-8665-ce5dc6e3a84c}</UniqueIdentifier>
    </Filter>
    <Filter Include="02. GameObject\BackGround\KemmekhBridgeA">
      <UniqueIdentifier>{3b934821-617e-4ccb-8e4c-a9f82a80ac6c}</UniqueIdentifier>
    </Filter>
    <Filter Include="02. GameObject\BackGround\KemmekhBridgeD">
      <UniqueIdentifier>{158a2609-7a4b-4346-86e7-ec1cc8b2c6e7}</UniqueIdentifier>
    </Filter>
    <Filter Include="02. GameObject\BackGround\KemmekhBridgeF">
      <UniqueIdentifier>{9eec2fac-daf6-4b4c-ae12-8d3ab37a2fb1}</UniqueIdentifier>
    </Filter>
    <Filter Include="02. GameObject\BackGround\RailSupportA">
      <UniqueIdentifier>{f7b5552c-e680-4b27-b32c-b4fcfd1959f9}</UniqueIdentifier>
    </Filter>
    <Filter Include="02. GameObject\BackGround\RailSupportB">
      <UniqueIdentifier>{79d0c0b8-ee77-4b2e-825a-34ea39287b7f}</UniqueIdentifier>
    </Filter>
    <Filter Include="02. GameObject\BackGround\Rock">
      <UniqueIdentifier>{b107f6cd-92a3-49a3-8fbb-b535ced4cb8b}</UniqueIdentifier>
    </Filter>
    <Filter Include="02. GameObject\BackGround\SmallRockC">
      <UniqueIdentifier>{1a7bf9eb-90fd-428c-baa5-61ae275093ad}</UniqueIdentifier>
    </Filter>
    <Filter Include="02. GameObject\BackGround\Tong">
      <UniqueIdentifier>{1db48a53-a916-4621-b1ae-fde20949e58b}</UniqueIdentifier>
    </Filter>
    <Filter Include="02. GameObject\BackGround\TunnelEntryWood">
      <UniqueIdentifier>{a676f80a-4b09-4a35-b4af-fb31eeabdd0b}</UniqueIdentifier>
    </Filter>
    <Filter Include="02. GameObject\BackGround\Wagon2">
      <UniqueIdentifier>{b3a2ad9d-c64c-4b20-8b1d-b3e7ac39ecf4}</UniqueIdentifier>
    </Filter>
    <Filter Include="02. GameObject\BackGround\WatchTowerLadder">
      <UniqueIdentifier>{6f72d91d-06fd-454a-90de-3f8f9378a467}</UniqueIdentifier>
    </Filter>
    <Filter Include="02. GameObject\BackGround\WheelBarrow">
      <UniqueIdentifier>{c4af4775-2249-4581-80e7-829907cd8442}</UniqueIdentifier>
    </Filter>
  </ItemGroup>
  <ItemGroup>
    <ClInclude Include="targetver.h">
      <Filter>98. Default</Filter>
    </ClInclude>
    <ClInclude Include="Client.h">
      <Filter>98. Default</Filter>
    </ClInclude>
    <ClInclude Include="framework.h">
      <Filter>98. Default</Filter>
    </ClInclude>
    <ClInclude Include="Resource.h">
      <Filter>98. Default</Filter>
    </ClInclude>
    <ClInclude Include="..\Public\Client_Defines.h">
      <Filter>99. Headers</Filter>
    </ClInclude>
    <ClInclude Include="..\Public\MainApp.h">
      <Filter>00. MainApp</Filter>
    </ClInclude>
    <ClInclude Include="..\public\Level_Logo.h">
      <Filter>01. Levels\00. Logo</Filter>
    </ClInclude>
    <ClInclude Include="..\public\Level_GamePlay.h">
      <Filter>01. Levels\01. GamePlay</Filter>
    </ClInclude>
    <ClInclude Include="..\public\Level_Loading.h">
      <Filter>01. Levels\99. Loading</Filter>
    </ClInclude>
    <ClInclude Include="..\public\Loader.h">
      <Filter>00. Loader</Filter>
    </ClInclude>
    <ClInclude Include="..\public\BackGround.h">
      <Filter>02. GameObject\BackGround</Filter>
    </ClInclude>
    <ClInclude Include="..\public\Camera_Free.h">
      <Filter>02. GameObject\Camera\FreeCam</Filter>
    </ClInclude>
    <ClInclude Include="..\public\Terrain.h">
      <Filter>02. GameObject\Terrain</Filter>
    </ClInclude>
    <ClInclude Include="..\IMGUI\imconfig.h">
      <Filter>96. IMGUI\99. imgui</Filter>
    </ClInclude>
    <ClInclude Include="..\IMGUI\imgui.h">
      <Filter>96. IMGUI\99. imgui</Filter>
    </ClInclude>
    <ClInclude Include="..\IMGUI\imgui_internal.h">
      <Filter>96. IMGUI\99. imgui</Filter>
    </ClInclude>
    <ClInclude Include="..\IMGUI\backends\imgui_impl_dx11.h">
      <Filter>96. IMGUI\soruces</Filter>
    </ClInclude>
    <ClInclude Include="..\IMGUI\backends\imgui_impl_win32.h">
      <Filter>96. IMGUI\soruces</Filter>
    </ClInclude>
    <ClInclude Include="..\public\Level_Imgui.h">
      <Filter>01. Levels\98. Imgui</Filter>
    </ClInclude>
    <ClInclude Include="..\Public\ImWindow_Demo.h">
      <Filter>96. IMGUI\01. ImWindow\99. ImWindow_Demo</Filter>
    </ClInclude>
    <ClInclude Include="..\Public\ImWindow.h">
      <Filter>96. IMGUI\01. ImWindow</Filter>
    </ClInclude>
    <ClInclude Include="..\Public\ImWindow_Manager.h">
      <Filter>96. IMGUI\00. Manager</Filter>
    </ClInclude>
    <ClInclude Include="..\public\Cube.h">
      <Filter>02. GameObject\Cube</Filter>
    </ClInclude>
    <ClInclude Include="..\public\EditCamera.h">
      <Filter>96. IMGUI\02. EditCamera</Filter>
    </ClInclude>
    <ClInclude Include="..\public\ForkLift.h">
      <Filter>02. GameObject\ForkLift</Filter>
    </ClInclude>
    <ClInclude Include="..\public\Fiona.h">
      <Filter>02. GameObject\Fiona</Filter>
    </ClInclude>
    <ClInclude Include="..\Public\ImMode.h">
      <Filter>96. IMGUI\01. ImWindow\98. ImMode</Filter>
    </ClInclude>
    <ClInclude Include="..\Public\ImVertex.h">
      <Filter>96. IMGUI\03. ImVertex</Filter>
    </ClInclude>
    <ClInclude Include="..\public\ImWindow_SaveLoads.h">
      <Filter>96. IMGUI\01. ImWindow\08. ImWindow_SaveLoad</Filter>
    </ClInclude>
    <ClInclude Include="..\public\ImWindow_ObjectTool.h">
      <Filter>96. IMGUI\01. ImWindow\01. ImWindow_ObjectTool</Filter>
    </ClInclude>
    <ClInclude Include="..\public\ImWindow_MapTool.h">
      <Filter>96. IMGUI\01. ImWindow\02. ImWindow_MapTool</Filter>
    </ClInclude>
    <ClInclude Include="..\public\ImWindow_CameraTool.h">
      <Filter>96. IMGUI\01. ImWindow\03. ImWindow_CameraTool</Filter>
    </ClInclude>
    <ClInclude Include="..\public\ImWindow_AnimationTool.h">
      <Filter>96. IMGUI\01. ImWindow\04. ImWindow_AnimationTool</Filter>
    </ClInclude>
    <ClInclude Include="..\Public\ImWindow_UITool.h">
      <Filter>96. IMGUI\01. ImWindow\06. ImWindow_UITool</Filter>
    </ClInclude>
    <ClInclude Include="..\Public\ImWindow_LightTool.h">
      <Filter>96. IMGUI\01. ImWindow\07. ImWindow_LightTool</Filter>
    </ClInclude>
    <ClInclude Include="..\Public\ImWindow_EffectTool.h">
      <Filter>96. IMGUI\01. ImWindow\05. ImWindow_EffectTool</Filter>
    </ClInclude>
    <ClInclude Include="..\Public\ImGuiFileDialogConfig.h">
      <Filter>96. IMGUI\03. ImVertex\filedialog</Filter>
    </ClInclude>
    <ClInclude Include="..\Public\ImGuiFileDialog.h">
      <Filter>96. IMGUI\03. ImVertex\filedialog</Filter>
    </ClInclude>
    <ClInclude Include="..\public\Clint.h">
      <Filter>02. GameObject\Clint</Filter>
    </ClInclude>
    <ClInclude Include="..\public\BarrelBoxStool.h">
      <Filter>02. GameObject\BackGround\BarrelBoxStool</Filter>
    </ClInclude>
    <ClInclude Include="..\public\Bush01.h">
      <Filter>02. GameObject\BackGround\Bush01</Filter>
    </ClInclude>
    <ClInclude Include="..\public\BushA.h">
      <Filter>02. GameObject\BackGround\BushA</Filter>
    </ClInclude>
    <ClInclude Include="..\public\BushB.h">
      <Filter>02. GameObject\BackGround\BushB</Filter>
    </ClInclude>
    <ClInclude Include="..\public\BushC.h">
      <Filter>02. GameObject\BackGround\BushC</Filter>
    </ClInclude>
    <ClInclude Include="..\public\KemmekhBridgeA.h">
      <Filter>02. GameObject\BackGround\KemmekhBridgeA</Filter>
    </ClInclude>
    <ClInclude Include="..\public\Cage.h">
      <Filter>02. GameObject\BackGround\Cage</Filter>
    </ClInclude>
    <ClInclude Include="..\public\KemmekhBridgeD.h">
      <Filter>02. GameObject\BackGround\KemmekhBridgeD</Filter>
    </ClInclude>
    <ClInclude Include="..\public\KemmekhBridgeF.h">
      <Filter>02. GameObject\BackGround\KemmekhBridgeF</Filter>
    </ClInclude>
    <ClInclude Include="..\public\RailSupportA.h">
      <Filter>02. GameObject\BackGround\RailSupportA</Filter>
    </ClInclude>
    <ClInclude Include="..\public\RailSupportB.h">
      <Filter>02. GameObject\BackGround\RailSupportB</Filter>
    </ClInclude>
    <ClInclude Include="..\public\Rock.h">
      <Filter>02. GameObject\BackGround\Rock</Filter>
    </ClInclude>
    <ClInclude Include="..\public\SmallRockC.h">
      <Filter>02. GameObject\BackGround\SmallRockC</Filter>
    </ClInclude>
    <ClInclude Include="..\public\Tong.h">
      <Filter>02. GameObject\BackGround\Tong</Filter>
    </ClInclude>
    <ClInclude Include="..\public\TunnelEntryWood.h">
      <Filter>02. GameObject\BackGround\TunnelEntryWood</Filter>
    </ClInclude>
    <ClInclude Include="..\public\Wagon2.h">
      <Filter>02. GameObject\BackGround\Wagon2</Filter>
    </ClInclude>
    <ClInclude Include="..\public\WatchTowerLadder.h">
      <Filter>02. GameObject\BackGround\WatchTowerLadder</Filter>
    </ClInclude>
    <ClInclude Include="..\public\WheelBarrow.h">
      <Filter>02. GameObject\BackGround\WheelBarrow</Filter>
    </ClInclude>
  </ItemGroup>
  <ItemGroup>
    <Image Include="small.ico">
      <Filter>98. Default</Filter>
    </Image>
    <Image Include="Client.ico">
      <Filter>98. Default</Filter>
    </Image>
  </ItemGroup>
  <ItemGroup>
    <ClCompile Include="Client.cpp">
      <Filter>98. Default</Filter>
    </ClCompile>
    <ClCompile Include="..\Private\MainApp.cpp">
      <Filter>00. MainApp</Filter>
    </ClCompile>
    <ClCompile Include="..\private\Level_Logo.cpp">
      <Filter>01. Levels\00. Logo</Filter>
    </ClCompile>
    <ClCompile Include="..\private\Level_GamePlay.cpp">
      <Filter>01. Levels\01. GamePlay</Filter>
    </ClCompile>
    <ClCompile Include="..\private\Level_Loading.cpp">
      <Filter>01. Levels\99. Loading</Filter>
    </ClCompile>
    <ClCompile Include="..\private\Loader.cpp">
      <Filter>00. Loader</Filter>
    </ClCompile>
    <ClCompile Include="..\private\BackGround.cpp">
      <Filter>02. GameObject\BackGround</Filter>
    </ClCompile>
    <ClCompile Include="..\private\Camera_Free.cpp">
      <Filter>02. GameObject\Camera\FreeCam</Filter>
    </ClCompile>
    <ClCompile Include="..\Private\Terrain.cpp">
      <Filter>02. GameObject\Terrain</Filter>
    </ClCompile>
    <ClCompile Include="..\IMGUI\imgui.cpp">
      <Filter>96. IMGUI\99. imgui</Filter>
    </ClCompile>
    <ClCompile Include="..\IMGUI\imgui_demo.cpp">
      <Filter>96. IMGUI\99. imgui</Filter>
    </ClCompile>
    <ClCompile Include="..\IMGUI\imgui_draw.cpp">
      <Filter>96. IMGUI\99. imgui</Filter>
    </ClCompile>
    <ClCompile Include="..\IMGUI\imgui_tables.cpp">
      <Filter>96. IMGUI\99. imgui</Filter>
    </ClCompile>
    <ClCompile Include="..\IMGUI\imgui_widgets.cpp">
      <Filter>96. IMGUI\99. imgui</Filter>
    </ClCompile>
    <ClCompile Include="..\IMGUI\backends\imgui_impl_dx11.cpp">
      <Filter>96. IMGUI\soruces</Filter>
    </ClCompile>
    <ClCompile Include="..\IMGUI\backends\imgui_impl_win32.cpp">
      <Filter>96. IMGUI\soruces</Filter>
    </ClCompile>
    <ClCompile Include="..\private\Level_Imgui.cpp">
      <Filter>01. Levels\98. Imgui</Filter>
    </ClCompile>
    <ClCompile Include="..\Private\ImWindow_Demo.cpp">
      <Filter>96. IMGUI\01. ImWindow\99. ImWindow_Demo</Filter>
    </ClCompile>
    <ClCompile Include="..\Private\ImWindow.cpp">
      <Filter>96. IMGUI\01. ImWindow</Filter>
    </ClCompile>
    <ClCompile Include="..\Private\ImWindow_Manager.cpp">
      <Filter>96. IMGUI\00. Manager</Filter>
    </ClCompile>
    <ClCompile Include="..\private\Cube.cpp">
      <Filter>02. GameObject\Cube</Filter>
    </ClCompile>
    <ClCompile Include="..\private\EditCamera.cpp">
      <Filter>96. IMGUI\02. EditCamera</Filter>
    </ClCompile>
    <ClCompile Include="..\private\ForkLift.cpp">
      <Filter>02. GameObject\ForkLift</Filter>
    </ClCompile>
    <ClCompile Include="..\private\Fiona.cpp">
      <Filter>02. GameObject\Fiona</Filter>
    </ClCompile>
    <ClCompile Include="..\Private\ImMode.cpp">
      <Filter>96. IMGUI\01. ImWindow\98. ImMode</Filter>
    </ClCompile>
    <ClCompile Include="..\private\ImVertex.cpp">
      <Filter>96. IMGUI\03. ImVertex</Filter>
    </ClCompile>
    <ClCompile Include="..\private\ImWindow_SaveLoads.cpp">
      <Filter>96. IMGUI\01. ImWindow\08. ImWindow_SaveLoad</Filter>
    </ClCompile>
    <ClCompile Include="..\private\ImWindow_ObjectTool.cpp">
      <Filter>96. IMGUI\01. ImWindow\01. ImWindow_ObjectTool</Filter>
    </ClCompile>
    <ClCompile Include="..\Private\ImWindow_MapTool.cpp">
      <Filter>96. IMGUI\01. ImWindow\02. ImWindow_MapTool</Filter>
    </ClCompile>
    <ClCompile Include="..\private\ImWindow_AnimationTool.cpp">
      <Filter>96. IMGUI\01. ImWindow\04. ImWindow_AnimationTool</Filter>
    </ClCompile>
    <ClCompile Include="..\Private\ImWindow_LightTool.cpp">
      <Filter>96. IMGUI\01. ImWindow\07. ImWindow_LightTool</Filter>
    </ClCompile>
    <ClCompile Include="..\Private\ImWindow_UITool.cpp">
      <Filter>96. IMGUI\01. ImWindow\06. ImWindow_UITool</Filter>
    </ClCompile>
    <ClCompile Include="..\IMGUI\ImWindow_EffectTool.cpp">
      <Filter>96. IMGUI\01. ImWindow\05. ImWindow_EffectTool</Filter>
    </ClCompile>
    <ClCompile Include="..\IMGUI\ImWindow_CameraTool.cpp">
      <Filter>96. IMGUI\01. ImWindow\03. ImWindow_CameraTool</Filter>
    </ClCompile>
    <ClCompile Include="..\Private\ImGuiFileDialog.cpp">
      <Filter>96. IMGUI\03. ImVertex\filedialog</Filter>
    </ClCompile>
    <ClCompile Include="..\private\Clint.cpp">
      <Filter>02. GameObject\Clint</Filter>
    </ClCompile>
    <ClCompile Include="..\private\BarrelBoxStool.cpp">
      <Filter>02. GameObject\BackGround\BarrelBoxStool</Filter>
    </ClCompile>
    <ClCompile Include="..\private\BushA.cpp">
      <Filter>02. GameObject\BackGround\BushA</Filter>
    </ClCompile>
    <ClCompile Include="..\Private\Bush01.cpp">
      <Filter>02. GameObject\BackGround\Bush01</Filter>
    </ClCompile>
    <ClCompile Include="..\Private\BushB.cpp">
      <Filter>02. GameObject\BackGround\BushB</Filter>
    </ClCompile>
    <ClCompile Include="..\Private\BushC.cpp">
      <Filter>02. GameObject\BackGround\BushC</Filter>
    </ClCompile>
    <ClCompile Include="..\private\KemmekhBridgeA.cpp">
      <Filter>02. GameObject\BackGround\KemmekhBridgeA</Filter>
    </ClCompile>
    <ClCompile Include="..\private\Cage.cpp">
      <Filter>02. GameObject\BackGround\Cage</Filter>
    </ClCompile>
    <ClCompile Include="..\Private\KemmekhBridgeD.cpp">
      <Filter>02. GameObject\BackGround\KemmekhBridgeD</Filter>
    </ClCompile>
    <ClCompile Include="..\private\KemmekhBridgeF.cpp">
      <Filter>02. GameObject\BackGround\KemmekhBridgeF</Filter>
    </ClCompile>
    <ClCompile Include="..\private\RailSupportA.cpp">
      <Filter>02. GameObject\BackGround\RailSupportA</Filter>
    </ClCompile>
    <ClCompile Include="..\private\RailSupportB.cpp">
      <Filter>02. GameObject\BackGround\RailSupportB</Filter>
    </ClCompile>
    <ClCompile Include="..\private\Rock.cpp">
      <Filter>02. GameObject\BackGround\Rock</Filter>
    </ClCompile>
    <ClCompile Include="..\private\SmallRockC.cpp">
      <Filter>02. GameObject\BackGround\SmallRockC</Filter>
    </ClCompile>
    <ClCompile Include="..\private\Tong.cpp">
      <Filter>02. GameObject\BackGround\Tong</Filter>
    </ClCompile>
    <ClCompile Include="..\private\TunnelEntryWood.cpp">
      <Filter>02. GameObject\BackGround\TunnelEntryWood</Filter>
    </ClCompile>
    <ClCompile Include="..\private\Wagon2.cpp">
      <Filter>02. GameObject\BackGround\Wagon2</Filter>
    </ClCompile>
    <ClCompile Include="..\private\WatchTowerLadder.cpp">
      <Filter>02. GameObject\BackGround\WatchTowerLadder</Filter>
    </ClCompile>
    <ClCompile Include="..\private\WheelBarrow.cpp">
      <Filter>02. GameObject\BackGround\WheelBarrow</Filter>
    </ClCompile>
  </ItemGroup>
  <ItemGroup>
    <ResourceCompile Include="Client.rc">
      <Filter>98. Default</Filter>
    </ResourceCompile>
  </ItemGroup>
  <ItemGroup>
    <FxCompile Include="..\Bin\ShaderFiles\Shader_Vtxtex.hlsl">
      <Filter>97. ShaderFiles</Filter>
    </FxCompile>
    <FxCompile Include="..\Bin\ShaderFiles\Shader_VtxNorTex.hlsl">
      <Filter>97. ShaderFiles</Filter>
    </FxCompile>
    <FxCompile Include="..\Bin\ShaderFiles\Shader_VtxCol.hlsl">
      <Filter>97. ShaderFiles</Filter>
    </FxCompile>
    <FxCompile Include="..\Bin\ShaderFiles\Shader_VtxAnimMesh.hlsl">
      <Filter>97. ShaderFiles</Filter>
    </FxCompile>
    <FxCompile Include="..\Bin\ShaderFiles\Shader_VtxMesh.hlsl">
      <Filter>97. ShaderFiles</Filter>
    </FxCompile>
  </ItemGroup>
  <ItemGroup>
    <None Include="..\IMGUI\misc\debuggers\imgui.natstepfilter">
      <Filter>96. IMGUI\99. imgui</Filter>
    </None>
  </ItemGroup>
  <ItemGroup>
    <Natvis Include="..\IMGUI\misc\debuggers\imgui.natvis">
      <Filter>96. IMGUI\99. imgui</Filter>
    </Natvis>
  </ItemGroup>
</Project>