<?xml version="1.0" encoding="utf-8"?>
<Project ToolsVersion="4.0" xmlns="http://schemas.microsoft.com/developer/msbuild/2003">
  <ItemGroup>
    <Filter Include="98. Default">
      <UniqueIdentifier>{0c761fa6-36a1-4a7e-a66d-4e81a516077b}</UniqueIdentifier>
    </Filter>
    <Filter Include="01. Levels">
      <UniqueIdentifier>{c8c15c71-9087-43f3-8cac-db4b7cb5f475}</UniqueIdentifier>
    </Filter>
    <Filter Include="00. MainApp">
      <UniqueIdentifier>{42b8bdbc-4957-4003-b9f2-840560798878}</UniqueIdentifier>
    </Filter>
    <Filter Include="01. Levels\00. Logo">
      <UniqueIdentifier>{f7ef05bc-e74c-4f58-b1e8-df104e6b7662}</UniqueIdentifier>
    </Filter>
    <Filter Include="01. Levels\01. GamePlay">
      <UniqueIdentifier>{4f600b29-59c5-40ce-aa7f-16a08f320865}</UniqueIdentifier>
    </Filter>
    <Filter Include="01. Levels\99. Loading">
      <UniqueIdentifier>{1f3ff082-3df7-46f2-bc3f-9a6cb80e1940}</UniqueIdentifier>
    </Filter>
    <Filter Include="97. ShaderFiles">
      <UniqueIdentifier>{59bcbf77-ae23-4a98-baaf-a5f0a37c90cf}</UniqueIdentifier>
    </Filter>
    <Filter Include="01. Levels\98. Imgui">
      <UniqueIdentifier>{5d901690-a3cb-4630-8cdd-08f930725d02}</UniqueIdentifier>
    </Filter>
    <Filter Include="96. IMGUI">
      <UniqueIdentifier>{8b86e764-1f25-4760-b652-1c6d5fc58765}</UniqueIdentifier>
    </Filter>
    <Filter Include="96. IMGUI\soruces">
      <UniqueIdentifier>{46502292-4067-4030-a01d-ab28aa1a2917}</UniqueIdentifier>
    </Filter>
    <Filter Include="96. IMGUI\00. Manager">
      <UniqueIdentifier>{0bb8ec66-41a2-4669-b788-e0201ee5de31}</UniqueIdentifier>
    </Filter>
    <Filter Include="96. IMGUI\01. ImWindow">
      <UniqueIdentifier>{3df48032-fa95-43b1-bad1-309be2acdab8}</UniqueIdentifier>
    </Filter>
    <Filter Include="96. IMGUI\02. EditCamera">
      <UniqueIdentifier>{eade0cab-4b16-472a-ab00-2f8994b484a6}</UniqueIdentifier>
    </Filter>
    <Filter Include="96. IMGUI\99. imgui">
      <UniqueIdentifier>{624ef5db-d6f4-4878-b346-e98003cfe17e}</UniqueIdentifier>
    </Filter>
    <Filter Include="96. IMGUI\03. ImVertex">
      <UniqueIdentifier>{675ca7ed-4838-4cb9-a47f-76e4ca3b4996}</UniqueIdentifier>
    </Filter>
    <Filter Include="96. IMGUI\01. ImWindow\99. ImWindow_Demo">
      <UniqueIdentifier>{9a6997b3-dc31-42aa-937e-1e07bf3bd6c2}</UniqueIdentifier>
    </Filter>
    <Filter Include="96. IMGUI\01. ImWindow\98. ImMode">
      <UniqueIdentifier>{ac93cbdd-3359-43d8-9728-079d56d1aba1}</UniqueIdentifier>
    </Filter>
    <Filter Include="96. IMGUI\01. ImWindow\01. ImWindow_ObjectTool">
      <UniqueIdentifier>{296bff4e-de67-4fee-8759-0a4a723de7ab}</UniqueIdentifier>
    </Filter>
    <Filter Include="96. IMGUI\01. ImWindow\02. ImWindow_MapTool">
      <UniqueIdentifier>{7857ea36-7826-4123-8501-f5c613895ef6}</UniqueIdentifier>
    </Filter>
    <Filter Include="96. IMGUI\01. ImWindow\03. ImWindow_CameraTool">
      <UniqueIdentifier>{5e92187a-c08c-46f5-9d74-4e2aea669f97}</UniqueIdentifier>
    </Filter>
    <Filter Include="96. IMGUI\01. ImWindow\04. ImWindow_AnimationTool">
      <UniqueIdentifier>{1b8969e7-ca2d-473f-b3a4-bfcc00d93f3a}</UniqueIdentifier>
    </Filter>
    <Filter Include="96. IMGUI\01. ImWindow\05. ImWindow_EffectTool">
      <UniqueIdentifier>{2e7d3bde-8b63-4df4-b86b-ca8c6b5b3987}</UniqueIdentifier>
    </Filter>
    <Filter Include="96. IMGUI\01. ImWindow\06. ImWindow_UITool">
      <UniqueIdentifier>{958101a9-ea7e-464a-87a1-3a4793ced280}</UniqueIdentifier>
    </Filter>
    <Filter Include="96. IMGUI\01. ImWindow\07. ImWindow_LightTool">
      <UniqueIdentifier>{0e84a6ee-34e8-477c-ba75-8c4f33a5f78b}</UniqueIdentifier>
    </Filter>
    <Filter Include="96. IMGUI\01. ImWindow\08. ImWindow_SaveLoad">
      <UniqueIdentifier>{def33324-2540-4ccc-a1ed-bc5d563df143}</UniqueIdentifier>
    </Filter>
    <Filter Include="96. IMGUI\03. ImVertex\filedialog">
      <UniqueIdentifier>{fc32de84-a432-44ac-896b-95c2f43a5d98}</UniqueIdentifier>
    </Filter>
    <Filter Include="00. Loader">
      <UniqueIdentifier>{f09b8893-2231-43e6-a92f-76f4e9bd1408}</UniqueIdentifier>
    </Filter>
    <Filter Include="02. GameObjects">
      <UniqueIdentifier>{7123b0cd-05a0-4042-bebc-7400b94a1f9d}</UniqueIdentifier>
    </Filter>
    <Filter Include="02. GameObjects\BackGround">
      <UniqueIdentifier>{39d68aa7-c375-4c3b-9af5-70e0105c19f7}</UniqueIdentifier>
    </Filter>
    <Filter Include="02. GameObjects\Camera">
      <UniqueIdentifier>{64cee68d-feb5-4a45-8151-ee2d424ba2a8}</UniqueIdentifier>
    </Filter>
    <Filter Include="02. GameObjects\Camera\FreeCam">
      <UniqueIdentifier>{d4edb7f4-4e6b-4c65-9b50-5f0be53b33b4}</UniqueIdentifier>
    </Filter>
    <Filter Include="02. GameObjects\Cube">
      <UniqueIdentifier>{3198cdde-d249-4ee9-93c5-d530941a16e0}</UniqueIdentifier>
    </Filter>
    <Filter Include="02. GameObjects\Clint">
      <UniqueIdentifier>{f9294993-46ce-4f52-b991-34107ab7ea3b}</UniqueIdentifier>
    </Filter>
    <Filter Include="99. Headers">
      <UniqueIdentifier>{7f29dc09-5d22-4a8c-bee2-2ba4da6fc61d}</UniqueIdentifier>
    </Filter>
    <Filter Include="02. GameObjects\Pistola">
      <UniqueIdentifier>{69474a77-3ef1-4de8-ac82-53697982adad}</UniqueIdentifier>
    </Filter>
    <Filter Include="02. GameObjects\Terrain">
      <UniqueIdentifier>{f002b723-511b-4b3c-aa44-e8f6b37d7d74}</UniqueIdentifier>
    </Filter>
    <Filter Include="95. Design">
      <UniqueIdentifier>{9fee6d61-7134-49a7-80ea-1709fc05a4f4}</UniqueIdentifier>
    </Filter>
    <Filter Include="02. GameObjects\Alien_prawn">
      <UniqueIdentifier>{10d9fee3-e69b-46b4-8358-6c472ed3a48e}</UniqueIdentifier>
    </Filter>
    <Filter Include="02. GameObjects\Alien_prawn\State">
      <UniqueIdentifier>{4b5d004c-3499-435d-b084-65a739a18a47}</UniqueIdentifier>
    </Filter>
    <Filter Include="02. GameObjects\Clint\State">
      <UniqueIdentifier>{eed5c57d-67f0-4b6c-9e18-2c1fcf6604d9}</UniqueIdentifier>
    </Filter>
    <Filter Include="02. GameObjects\Bullet">
      <UniqueIdentifier>{0d09d8bf-43b7-4a6f-abd4-7307771fb239}</UniqueIdentifier>
    </Filter>
    <Filter Include="02. GameObjects\Bullet\ClintUltimateBullet">
      <UniqueIdentifier>{ac5fbafe-82b0-496a-ab1c-aced67ea38bb}</UniqueIdentifier>
    </Filter>
    <Filter Include="02. GameObjects\Bullet\ClintBasicBullet">
      <UniqueIdentifier>{77cc2e19-3df5-40d9-9efe-db592266e60f}</UniqueIdentifier>
    </Filter>
    <Filter Include="02. GameObjects\Sky">
      <UniqueIdentifier>{32d73e75-1820-48d1-99f0-cb806fbcb3d6}</UniqueIdentifier>
    </Filter>
    <Filter Include="02. GameObjects\Effect">
      <UniqueIdentifier>{f1e50009-cb73-4796-acf3-f309937f9487}</UniqueIdentifier>
    </Filter>
    <Filter Include="02. GameObjects\Effect\Instancing">
      <UniqueIdentifier>{9cabb107-9d81-4a0b-816d-a4fd3d335056}</UniqueIdentifier>
    </Filter>
    <Filter Include="02. GameObjects\Effect\Instancing\Blue">
      <UniqueIdentifier>{e2ca6a31-f73c-4b24-bad6-deed2b718b40}</UniqueIdentifier>
    </Filter>
    <Filter Include="02. GameObjects\Effect\Instancing\Red">
      <UniqueIdentifier>{7cc0a865-f3bf-4afc-bb15-a8684ca1e67e}</UniqueIdentifier>
    </Filter>
    <Filter Include="02. GameObjects\BackGround\LargeVolcanicRock_002_Red_Desert">
      <UniqueIdentifier>{f0b46961-e53f-49ac-a6bb-96f9e1a1e16a}</UniqueIdentifier>
    </Filter>
    <Filter Include="02. GameObjects\BackGround\LargeVolcanicRock_004_Red_Desert">
      <UniqueIdentifier>{04e4adbd-1d6c-40d7-a010-736209f4b5f8}</UniqueIdentifier>
    </Filter>
    <Filter Include="02. GameObjects\BackGround\SM_Cliff01">
      <UniqueIdentifier>{79f62859-618b-4b0f-a142-0760b7d73cee}</UniqueIdentifier>
    </Filter>
    <Filter Include="02. GameObjects\BackGround\SM_LargePlainsBoulder002">
      <UniqueIdentifier>{b5933d90-e45b-48e1-bbeb-a8bdf1ec67ba}</UniqueIdentifier>
    </Filter>
    <Filter Include="02. GameObjects\BackGround\SM_LargePlainsBoulder002_Red_Desert">
      <UniqueIdentifier>{94efd024-1743-4ec7-a18c-110fbdaaac95}</UniqueIdentifier>
    </Filter>
    <Filter Include="02. GameObjects\BackGround\SM_LargePlainsBoulder003">
      <UniqueIdentifier>{d2b650fe-9b17-4673-84b7-abee59ed96b5}</UniqueIdentifier>
    </Filter>
    <Filter Include="02. GameObjects\BackGround\SM_MountainRock">
      <UniqueIdentifier>{a916b08f-3f3f-4520-a772-c6f9a370b44a}</UniqueIdentifier>
    </Filter>
    <Filter Include="02. GameObjects\BackGround\SM_MountainRock_Closed">
      <UniqueIdentifier>{a29ab5ca-a64f-43bc-a884-41623c68cf90}</UniqueIdentifier>
    </Filter>
    <Filter Include="02. GameObjects\BackGround\Kemmekh_Formacion_rocosa">
      <UniqueIdentifier>{fb41b2c9-e4af-4e23-87a8-bfb935803182}</UniqueIdentifier>
    </Filter>
    <Filter Include="02. GameObjects\BackGround\SM_Barriletes">
      <UniqueIdentifier>{5e7fd838-224e-48a8-a271-43e92fa25b76}</UniqueIdentifier>
    </Filter>
    <Filter Include="02. GameObjects\BackGround\Kemmekh_wall">
      <UniqueIdentifier>{8cd63838-c79b-4a34-b81f-eef00eb457d1}</UniqueIdentifier>
    </Filter>
    <Filter Include="02. GameObjects\BackGround\SM_Crystal">
      <UniqueIdentifier>{c0eef261-c2dc-4d86-b003-7ca565463f32}</UniqueIdentifier>
    </Filter>
    <Filter Include="02. GameObjects\BackGround\SM_CrystalYRocas">
      <UniqueIdentifier>{9ce15135-6054-4f18-b7d0-fa346c7b5d8d}</UniqueIdentifier>
    </Filter>
    <Filter Include="02. GameObjects\BackGround\SM_GenericWall01">
      <UniqueIdentifier>{baa177dd-2c39-4e58-9039-8076a5202535}</UniqueIdentifier>
    </Filter>
    <Filter Include="02. GameObjects\BackGround\SM_LagoSmall">
      <UniqueIdentifier>{ca06d4a7-0059-48b6-b6a5-753b75aee3dd}</UniqueIdentifier>
    </Filter>
    <Filter Include="02. GameObjects\BackGround\SM_LaMina">
      <UniqueIdentifier>{9f15185b-7692-4d75-b0c2-1583ae7f6290}</UniqueIdentifier>
    </Filter>
    <Filter Include="02. GameObjects\BackGround\SM_MERGED_MultiRock371">
      <UniqueIdentifier>{c14c6988-e113-43fd-81a2-496cd252b6a9}</UniqueIdentifier>
    </Filter>
    <Filter Include="02. GameObjects\BackGround\SM_MERGED_RailSupportB2_452">
      <UniqueIdentifier>{8fdff341-4afb-4565-9f2b-7f831eff8fe2}</UniqueIdentifier>
    </Filter>
    <Filter Include="02. GameObjects\BackGround\SM_Mina2">
      <UniqueIdentifier>{f255064a-3e3e-4b86-9ae7-7d1d2ebeafe9}</UniqueIdentifier>
    </Filter>
    <Filter Include="02. GameObjects\BackGround\SM_MiniBujer">
      <UniqueIdentifier>{f440a480-9c9d-48ce-a828-8ba6e99d6449}</UniqueIdentifier>
    </Filter>
    <Filter Include="02. GameObjects\BackGround\SM_MultiLake02">
      <UniqueIdentifier>{4d438f74-55d0-4763-9629-20189486bef5}</UniqueIdentifier>
    </Filter>
    <Filter Include="02. GameObjects\BackGround\SM_Piedras">
      <UniqueIdentifier>{c3716d71-9e77-4c8e-a116-28b30bf50e84}</UniqueIdentifier>
    </Filter>
    <Filter Include="02. GameObjects\BackGround\SM_Poblado">
      <UniqueIdentifier>{fbfbee0b-7b7c-43a2-b4c5-65b18f1b7e2c}</UniqueIdentifier>
    </Filter>
    <Filter Include="02. GameObjects\BackGround\SM_Poblado01">
      <UniqueIdentifier>{cd81af27-69b6-4a29-8f48-c30e1c2ee21f}</UniqueIdentifier>
    </Filter>
    <Filter Include="02. GameObjects\BackGround\SM_Pueblo02">
      <UniqueIdentifier>{ea868769-7505-4c2e-99b3-f89612e493ec}</UniqueIdentifier>
    </Filter>
    <Filter Include="02. GameObjects\BackGround\SM_Relic">
      <UniqueIdentifier>{696510c7-79b1-4d7b-b5f9-25126a74af65}</UniqueIdentifier>
    </Filter>
    <Filter Include="02. GameObjects\BackGround\SM_TrozoPared">
      <UniqueIdentifier>{e14b5958-52ed-4aeb-a4a1-c1a06d2e4298}</UniqueIdentifier>
    </Filter>
    <Filter Include="02. GameObjects\BackGround\SM_Wall01">
      <UniqueIdentifier>{c0e252b8-6f6d-4685-8304-39f425484a32}</UniqueIdentifier>
    </Filter>
    <Filter Include="02. GameObjects\BackGround\SM_Wall02">
      <UniqueIdentifier>{503ebf58-145c-4c2f-95c7-6927b961a9a5}</UniqueIdentifier>
    </Filter>
    <Filter Include="02. GameObjects\BackGround\1 모으기용">
      <UniqueIdentifier>{2611fe2c-d7ac-4979-be2f-f779658e2ac6}</UniqueIdentifier>
    </Filter>
    <Filter Include="02. GameObjects\BackGround\1 모으기용\Bush01">
      <UniqueIdentifier>{709d5c7f-9436-4be2-971d-b58e7e5e2b54}</UniqueIdentifier>
    </Filter>
    <Filter Include="02. GameObjects\BackGround\1 모으기용\BushA">
      <UniqueIdentifier>{90ae0ea8-abc6-4d62-8e36-846aea1fa827}</UniqueIdentifier>
    </Filter>
    <Filter Include="02. GameObjects\BackGround\1 모으기용\BushB">
      <UniqueIdentifier>{37461de6-c090-4b23-843b-5c760fe9f435}</UniqueIdentifier>
    </Filter>
    <Filter Include="02. GameObjects\BackGround\1 모으기용\BushC">
      <UniqueIdentifier>{53b8949d-12e0-429d-a266-887803461abd}</UniqueIdentifier>
    </Filter>
    <Filter Include="02. GameObjects\BackGround\1 모으기용\Cage">
      <UniqueIdentifier>{8b8c160c-0a81-4563-8665-ce5dc6e3a84c}</UniqueIdentifier>
    </Filter>
    <Filter Include="02. GameObjects\BackGround\1 모으기용\Cave">
      <UniqueIdentifier>{d99c16da-749e-4e7a-9cb1-1383fbe52943}</UniqueIdentifier>
    </Filter>
    <Filter Include="02. GameObjects\BackGround\1 모으기용\CraterA">
      <UniqueIdentifier>{e3dc9996-f233-40df-9420-9bfdf0f9a82d}</UniqueIdentifier>
    </Filter>
    <Filter Include="02. GameObjects\BackGround\1 모으기용\CraterB">
      <UniqueIdentifier>{3be5166f-251f-47f3-8a40-97a592cf91fc}</UniqueIdentifier>
    </Filter>
    <Filter Include="02. GameObjects\BackGround\1 모으기용\CraterC">
      <UniqueIdentifier>{d7bb4227-98cc-47c0-8faa-4090d2d76771}</UniqueIdentifier>
    </Filter>
    <Filter Include="02. GameObjects\BackGround\1 모으기용\Kemmek_Hole">
      <UniqueIdentifier>{81ad33c3-a002-471b-866d-e368a47b32cf}</UniqueIdentifier>
    </Filter>
    <Filter Include="02. GameObjects\BackGround\1 모으기용\MineCrystalsA">
      <UniqueIdentifier>{7d984dc6-5694-4b91-8146-d06835e4abd9}</UniqueIdentifier>
    </Filter>
    <Filter Include="02. GameObjects\BackGround\1 모으기용\MineCrystalsB">
      <UniqueIdentifier>{c57ba14f-ac63-4961-938a-eabc9a3d1e93}</UniqueIdentifier>
    </Filter>
    <Filter Include="02. GameObjects\BackGround\1 모으기용\MineCrystalsC">
      <UniqueIdentifier>{c7d90239-d30e-4292-9f64-1eefa211e592}</UniqueIdentifier>
    </Filter>
    <Filter Include="02. GameObjects\BackGround\1 모으기용\MineCrystalsD">
      <UniqueIdentifier>{45eb6dcb-53ed-4f77-960f-ff6390762d4d}</UniqueIdentifier>
    </Filter>
    <Filter Include="02. GameObjects\BackGround\1 모으기용\MineCrystalsE">
      <UniqueIdentifier>{9aad4287-d7fe-4f40-bd90-834bdc56587c}</UniqueIdentifier>
    </Filter>
    <Filter Include="02. GameObjects\BackGround\1 모으기용\MineCrystalsF">
      <UniqueIdentifier>{34b4dd09-0fc5-4ca1-9950-4f3e5a8aedd7}</UniqueIdentifier>
    </Filter>
    <Filter Include="02. GameObjects\BackGround\1 모으기용\TreeB1">
      <UniqueIdentifier>{9cf7a5fa-357b-441d-bd0a-9decd9252bba}</UniqueIdentifier>
    </Filter>
    <Filter Include="02. GameObjects\BackGround\1 모으기용\TreeA">
      <UniqueIdentifier>{32b49ef6-0963-4c86-b599-6ab013183b0a}</UniqueIdentifier>
    </Filter>
    <Filter Include="02. GameObjects\BackGround\1 모으기용\TreeB2">
      <UniqueIdentifier>{985b44cd-b065-4f96-93f4-16a56953a010}</UniqueIdentifier>
    </Filter>
  </ItemGroup>
  <ItemGroup>
    <ClInclude Include="targetver.h">
      <Filter>98. Default</Filter>
    </ClInclude>
    <ClInclude Include="Client.h">
      <Filter>98. Default</Filter>
    </ClInclude>
    <ClInclude Include="framework.h">
      <Filter>98. Default</Filter>
    </ClInclude>
    <ClInclude Include="Resource.h">
      <Filter>98. Default</Filter>
    </ClInclude>
    <ClInclude Include="..\Public\Client_Defines.h">
      <Filter>99. Headers</Filter>
    </ClInclude>
    <ClInclude Include="..\Public\MainApp.h">
      <Filter>00. MainApp</Filter>
    </ClInclude>
    <ClInclude Include="..\public\Level_Logo.h">
      <Filter>01. Levels\00. Logo</Filter>
    </ClInclude>
    <ClInclude Include="..\public\Level_GamePlay.h">
      <Filter>01. Levels\01. GamePlay</Filter>
    </ClInclude>
    <ClInclude Include="..\public\Level_Loading.h">
      <Filter>01. Levels\99. Loading</Filter>
    </ClInclude>
    <ClInclude Include="..\public\Loader.h">
      <Filter>00. Loader</Filter>
    </ClInclude>
    <ClInclude Include="..\public\BackGround.h">
      <Filter>02. GameObjects\BackGround</Filter>
    </ClInclude>
    <ClInclude Include="..\public\Camera_Free.h">
      <Filter>02. GameObjects\Camera\FreeCam</Filter>
    </ClInclude>
    <ClInclude Include="..\public\Terrain.h">
      <Filter>02. GameObjects\Terrain</Filter>
    </ClInclude>
    <ClInclude Include="..\IMGUI\imconfig.h">
      <Filter>96. IMGUI\99. imgui</Filter>
    </ClInclude>
    <ClInclude Include="..\IMGUI\imgui.h">
      <Filter>96. IMGUI\99. imgui</Filter>
    </ClInclude>
    <ClInclude Include="..\IMGUI\imgui_internal.h">
      <Filter>96. IMGUI\99. imgui</Filter>
    </ClInclude>
    <ClInclude Include="..\IMGUI\backends\imgui_impl_dx11.h">
      <Filter>96. IMGUI\soruces</Filter>
    </ClInclude>
    <ClInclude Include="..\IMGUI\backends\imgui_impl_win32.h">
      <Filter>96. IMGUI\soruces</Filter>
    </ClInclude>
    <ClInclude Include="..\public\Level_Imgui.h">
      <Filter>01. Levels\98. Imgui</Filter>
    </ClInclude>
    <ClInclude Include="..\Public\ImWindow_Demo.h">
      <Filter>96. IMGUI\01. ImWindow\99. ImWindow_Demo</Filter>
    </ClInclude>
    <ClInclude Include="..\Public\ImWindow.h">
      <Filter>96. IMGUI\01. ImWindow</Filter>
    </ClInclude>
    <ClInclude Include="..\Public\ImWindow_Manager.h">
      <Filter>96. IMGUI\00. Manager</Filter>
    </ClInclude>
    <ClInclude Include="..\public\Cube.h">
      <Filter>02. GameObjects\Cube</Filter>
    </ClInclude>
    <ClInclude Include="..\Public\ImMode.h">
      <Filter>96. IMGUI\01. ImWindow\98. ImMode</Filter>
    </ClInclude>
    <ClInclude Include="..\Public\ImVertex.h">
      <Filter>96. IMGUI\03. ImVertex</Filter>
    </ClInclude>
    <ClInclude Include="..\public\ImWindow_SaveLoads.h">
      <Filter>96. IMGUI\01. ImWindow\08. ImWindow_SaveLoad</Filter>
    </ClInclude>
    <ClInclude Include="..\public\ImWindow_ObjectTool.h">
      <Filter>96. IMGUI\01. ImWindow\01. ImWindow_ObjectTool</Filter>
    </ClInclude>
    <ClInclude Include="..\public\ImWindow_MapTool.h">
      <Filter>96. IMGUI\01. ImWindow\02. ImWindow_MapTool</Filter>
    </ClInclude>
    <ClInclude Include="..\Public\ImGuiFileDialogConfig.h">
      <Filter>96. IMGUI\03. ImVertex\filedialog</Filter>
    </ClInclude>
    <ClInclude Include="..\Public\ImGuiFileDialog.h">
      <Filter>96. IMGUI\03. ImVertex\filedialog</Filter>
    </ClInclude>
    <ClInclude Include="..\public\Clint.h">
      <Filter>02. GameObjects\Clint</Filter>
    </ClInclude>
    <ClInclude Include="..\public\BushA.h">
      <Filter>02. GameObjects\BackGround\1 모으기용\BushA</Filter>
    </ClInclude>
    <ClInclude Include="..\public\BushB.h">
      <Filter>02. GameObjects\BackGround\1 모으기용\BushB</Filter>
    </ClInclude>
    <ClInclude Include="..\public\BushC.h">
      <Filter>02. GameObjects\BackGround\1 모으기용\BushC</Filter>
    </ClInclude>
    <ClInclude Include="..\public\Cage.h">
      <Filter>02. GameObjects\BackGround\1 모으기용\Cage</Filter>
    </ClInclude>
    <ClInclude Include="..\public\ClintIdle.h">
      <Filter>02. GameObjects\Clint\State</Filter>
    </ClInclude>
    <ClInclude Include="..\public\ClintRun.h">
      <Filter>02. GameObjects\Clint\State</Filter>
    </ClInclude>
    <ClInclude Include="..\Public\ClintDash.h">
      <Filter>02. GameObjects\Clint\State</Filter>
    </ClInclude>
    <ClInclude Include="..\public\Pistola.h">
      <Filter>02. GameObjects\Pistola</Filter>
    </ClInclude>
    <ClInclude Include="..\public\ClintShoot.h">
      <Filter>02. GameObjects\Clint\State</Filter>
    </ClInclude>
    <ClInclude Include="..\Public\Alien_prawn.h">
      <Filter>02. GameObjects\Alien_prawn</Filter>
    </ClInclude>
    <ClInclude Include="..\public\Alien_prawnIdle.h">
      <Filter>02. GameObjects\Alien_prawn\State</Filter>
    </ClInclude>
    <ClInclude Include="..\Public\Client_Enum.h">
      <Filter>99. Headers</Filter>
    </ClInclude>
    <ClInclude Include="..\Public\StateContext.h">
      <Filter>95. Design</Filter>
    </ClInclude>
    <ClInclude Include="..\Public\StateMachine.h">
      <Filter>95. Design</Filter>
    </ClInclude>
    <ClInclude Include="..\public\Alien_prawnRun.h">
      <Filter>02. GameObjects\Alien_prawn\State</Filter>
    </ClInclude>
    <ClInclude Include="..\public\ClientInstance.h">
      <Filter>95. Design</Filter>
    </ClInclude>
    <ClInclude Include="..\public\Alien_prawnAttack.h">
      <Filter>02. GameObjects\Alien_prawn\State</Filter>
    </ClInclude>
    <ClInclude Include="..\public\ClintBasicBullet.h">
      <Filter>02. GameObjects\Bullet\ClintBasicBullet</Filter>
    </ClInclude>
    <ClInclude Include="..\public\Alien_prawnDead.h">
      <Filter>02. GameObjects\Alien_prawn\State</Filter>
    </ClInclude>
    <ClInclude Include="..\public\ClintUltimate01.h">
      <Filter>02. GameObjects\Clint\State</Filter>
    </ClInclude>
    <ClInclude Include="..\Public\ClintUltimate01Bullet.h">
      <Filter>02. GameObjects\Bullet\ClintUltimateBullet</Filter>
    </ClInclude>
    <ClInclude Include="..\public\Bullet.h">
      <Filter>02. GameObjects\Bullet</Filter>
    </ClInclude>
    <ClInclude Include="..\Bin\ShaderFiles\Shader_Client_Defines.hpp">
      <Filter>97. ShaderFiles</Filter>
    </ClInclude>
    <ClInclude Include="..\public\Sky.h">
      <Filter>02. GameObjects\Sky</Filter>
    </ClInclude>
    <ClInclude Include="..\public\Blue_Snow.h">
      <Filter>02. GameObjects\Effect\Instancing\Blue</Filter>
    </ClInclude>
    <ClInclude Include="..\public\Red_Snow.h" />
    <ClInclude Include="..\public\LargeVolcanicRock_002_Red_Desert.h">
      <Filter>02. GameObjects\BackGround\LargeVolcanicRock_002_Red_Desert</Filter>
    </ClInclude>
    <ClInclude Include="..\public\LargeVolcanicRock_004_Red_Desert.h">
      <Filter>02. GameObjects\BackGround\LargeVolcanicRock_004_Red_Desert</Filter>
    </ClInclude>
    <ClInclude Include="..\public\SM_Cliff01.h">
      <Filter>02. GameObjects\BackGround\SM_Cliff01</Filter>
    </ClInclude>
    <ClInclude Include="..\public\SM_LargePlainsBoulder002.h">
      <Filter>02. GameObjects\BackGround\SM_LargePlainsBoulder002</Filter>
    </ClInclude>
    <ClInclude Include="..\public\SM_LargePlainsBoulder002_Red_Desert.h">
      <Filter>02. GameObjects\BackGround\SM_LargePlainsBoulder002_Red_Desert</Filter>
    </ClInclude>
    <ClInclude Include="..\public\SM_LargePlainsBoulder003.h">
      <Filter>02. GameObjects\BackGround\SM_LargePlainsBoulder003</Filter>
    </ClInclude>
    <ClInclude Include="..\public\SM_MountainRock.h">
      <Filter>02. GameObjects\BackGround\SM_MountainRock</Filter>
    </ClInclude>
    <ClInclude Include="..\public\SM_MountainRock_Closed.h">
      <Filter>02. GameObjects\BackGround\SM_MountainRock_Closed</Filter>
    </ClInclude>
    <ClInclude Include="..\public\Kemmekh_Formacion_rocosa.h">
      <Filter>02. GameObjects\BackGround\Kemmekh_Formacion_rocosa</Filter>
    </ClInclude>
    <ClInclude Include="..\public\Kemmekh_wall.h">
      <Filter>02. GameObjects\BackGround\Kemmekh_wall</Filter>
    </ClInclude>
    <ClInclude Include="..\public\SM_Barriletes.h">
      <Filter>02. GameObjects\BackGround\SM_Barriletes</Filter>
    </ClInclude>
    <ClInclude Include="..\public\SM_Wall02.h">
      <Filter>02. GameObjects\BackGround\SM_Wall02</Filter>
    </ClInclude>
    <ClInclude Include="..\public\SM_Wall01.h">
      <Filter>02. GameObjects\BackGround\SM_Wall01</Filter>
    </ClInclude>
    <ClInclude Include="..\public\SM_TrozoPared.h">
      <Filter>02. GameObjects\BackGround\SM_TrozoPared</Filter>
    </ClInclude>
    <ClInclude Include="..\public\SM_Relic.h">
      <Filter>02. GameObjects\BackGround\SM_Relic</Filter>
    </ClInclude>
    <ClInclude Include="..\public\SM_Pueblo02.h">
      <Filter>02. GameObjects\BackGround\SM_Pueblo02</Filter>
    </ClInclude>
    <ClInclude Include="..\public\SM_Poblado01.h">
      <Filter>02. GameObjects\BackGround\SM_Poblado01</Filter>
    </ClInclude>
    <ClInclude Include="..\public\SM_Poblado.h">
      <Filter>02. GameObjects\BackGround\SM_Poblado</Filter>
    </ClInclude>
    <ClInclude Include="..\public\SM_Piedras.h">
      <Filter>02. GameObjects\BackGround\SM_Piedras</Filter>
    </ClInclude>
    <ClInclude Include="..\public\SM_MultiLake02.h">
      <Filter>02. GameObjects\BackGround\SM_MultiLake02</Filter>
    </ClInclude>
    <ClInclude Include="..\public\SM_MiniBujer.h">
      <Filter>02. GameObjects\BackGround\SM_MiniBujer</Filter>
    </ClInclude>
    <ClInclude Include="..\public\SM_Mina2.h">
      <Filter>02. GameObjects\BackGround\SM_Mina2</Filter>
    </ClInclude>
    <ClInclude Include="..\public\SM_MERGED_RailSupportB2_452.h">
      <Filter>02. GameObjects\BackGround\SM_MERGED_RailSupportB2_452</Filter>
    </ClInclude>
    <ClInclude Include="..\public\SM_MERGED_MultiRock371.h">
      <Filter>02. GameObjects\BackGround\SM_MERGED_MultiRock371</Filter>
    </ClInclude>
    <ClInclude Include="..\public\SM_LaMina.h">
      <Filter>02. GameObjects\BackGround\SM_LaMina</Filter>
    </ClInclude>
    <ClInclude Include="..\public\SM_LagoSmall.h">
      <Filter>02. GameObjects\BackGround\SM_LagoSmall</Filter>
    </ClInclude>
    <ClInclude Include="..\public\SM_GenericWall01.h">
      <Filter>02. GameObjects\BackGround\SM_GenericWall01</Filter>
    </ClInclude>
    <ClInclude Include="..\public\SM_CrystalYRocas.h">
      <Filter>02. GameObjects\BackGround\SM_CrystalYRocas</Filter>
    </ClInclude>
    <ClInclude Include="..\public\SM_Crystal.h">
      <Filter>02. GameObjects\BackGround\SM_Crystal</Filter>
    </ClInclude>
    <ClInclude Include="..\public\Cave.h">
      <Filter>02. GameObjects\BackGround\1 모으기용\Cave</Filter>
    </ClInclude>
    <ClInclude Include="..\public\CraterA.h">
      <Filter>02. GameObjects\BackGround\1 모으기용\CraterA</Filter>
    </ClInclude>
    <ClInclude Include="..\public\CraterB.h">
      <Filter>02. GameObjects\BackGround\1 모으기용\CraterB</Filter>
    </ClInclude>
    <ClInclude Include="..\public\CraterC.h">
      <Filter>02. GameObjects\BackGround\1 모으기용\CraterC</Filter>
    </ClInclude>
    <ClInclude Include="..\public\Kemmek_Hole.h">
      <Filter>02. GameObjects\BackGround\1 모으기용\Kemmek_Hole</Filter>
    </ClInclude>
    <ClInclude Include="..\public\MineCrystalsA.h">
      <Filter>02. GameObjects\BackGround\1 모으기용\MineCrystalsA</Filter>
    </ClInclude>
    <ClInclude Include="..\public\MineCrystalsB.h">
      <Filter>02. GameObjects\BackGround\1 모으기용\MineCrystalsB</Filter>
    </ClInclude>
    <ClInclude Include="..\public\MineCrystalsC.h">
      <Filter>02. GameObjects\BackGround\1 모으기용\MineCrystalsC</Filter>
    </ClInclude>
    <ClInclude Include="..\public\MineCrystalsD.h">
      <Filter>02. GameObjects\BackGround\1 모으기용\MineCrystalsD</Filter>
    </ClInclude>
    <ClInclude Include="..\public\MineCrystalsE.h">
      <Filter>02. GameObjects\BackGround\1 모으기용\MineCrystalsE</Filter>
    </ClInclude>
    <ClInclude Include="..\public\MineCrystalsF.h">
      <Filter>02. GameObjects\BackGround\1 모으기용\MineCrystalsF</Filter>
    </ClInclude>
    <ClInclude Include="..\public\TreeA.h">
      <Filter>02. GameObjects\BackGround\1 모으기용\TreeA</Filter>
    </ClInclude>
    <ClInclude Include="..\public\TreeB1.h">
      <Filter>02. GameObjects\BackGround\1 모으기용\TreeB1</Filter>
    </ClInclude>
    <ClInclude Include="..\public\TreeB2.h">
      <Filter>02. GameObjects\BackGround\1 모으기용\TreeB2</Filter>
    </ClInclude>
    <ClInclude Include="..\Public\Bush01.h">
      <Filter>02. GameObjects\BackGround\1 모으기용\Bush01</Filter>
    </ClInclude>
    <ClInclude Include="..\Public\ImWindow_CameraTool.h">
      <Filter>96. IMGUI\01. ImWindow\03. ImWindow_CameraTool</Filter>
    </ClInclude>
    <ClInclude Include="..\Public\ImWindow_AnimationTool.h">
      <Filter>96. IMGUI\01. ImWindow\04. ImWindow_AnimationTool</Filter>
    </ClInclude>
    <ClInclude Include="..\Public\ImWindow_EffectTool.h">
      <Filter>96. IMGUI\01. ImWindow\05. ImWindow_EffectTool</Filter>
    </ClInclude>
    <ClInclude Include="..\Public\ImWindow_UITool.h">
      <Filter>96. IMGUI\01. ImWindow\06. ImWindow_UITool</Filter>
    </ClInclude>
    <ClInclude Include="..\Public\ImWindow_LightTool.h">
      <Filter>96. IMGUI\01. ImWindow\07. ImWindow_LightTool</Filter>
    </ClInclude>
    <ClInclude Include="..\public\EditCamera.h">
      <Filter>02. GameObjects\Camera</Filter>
    </ClInclude>
  </ItemGroup>
  <ItemGroup>
    <Image Include="small.ico">
      <Filter>98. Default</Filter>
    </Image>
    <Image Include="Client.ico">
      <Filter>98. Default</Filter>
    </Image>
  </ItemGroup>
  <ItemGroup>
    <ClCompile Include="Client.cpp">
      <Filter>98. Default</Filter>
    </ClCompile>
    <ClCompile Include="..\Private\MainApp.cpp">
      <Filter>00. MainApp</Filter>
    </ClCompile>
    <ClCompile Include="..\private\Level_Logo.cpp">
      <Filter>01. Levels\00. Logo</Filter>
    </ClCompile>
    <ClCompile Include="..\private\Level_GamePlay.cpp">
      <Filter>01. Levels\01. GamePlay</Filter>
    </ClCompile>
    <ClCompile Include="..\private\Level_Loading.cpp">
      <Filter>01. Levels\99. Loading</Filter>
    </ClCompile>
    <ClCompile Include="..\private\Loader.cpp">
      <Filter>00. Loader</Filter>
    </ClCompile>
    <ClCompile Include="..\private\BackGround.cpp">
      <Filter>02. GameObjects\BackGround</Filter>
    </ClCompile>
    <ClCompile Include="..\private\Camera_Free.cpp">
      <Filter>02. GameObjects\Camera\FreeCam</Filter>
    </ClCompile>
    <ClCompile Include="..\Private\Terrain.cpp">
      <Filter>02. GameObjects\Terrain</Filter>
    </ClCompile>
    <ClCompile Include="..\IMGUI\imgui.cpp">
      <Filter>96. IMGUI\99. imgui</Filter>
    </ClCompile>
    <ClCompile Include="..\IMGUI\imgui_demo.cpp">
      <Filter>96. IMGUI\99. imgui</Filter>
    </ClCompile>
    <ClCompile Include="..\IMGUI\imgui_draw.cpp">
      <Filter>96. IMGUI\99. imgui</Filter>
    </ClCompile>
    <ClCompile Include="..\IMGUI\imgui_tables.cpp">
      <Filter>96. IMGUI\99. imgui</Filter>
    </ClCompile>
    <ClCompile Include="..\IMGUI\imgui_widgets.cpp">
      <Filter>96. IMGUI\99. imgui</Filter>
    </ClCompile>
    <ClCompile Include="..\IMGUI\backends\imgui_impl_dx11.cpp">
      <Filter>96. IMGUI\soruces</Filter>
    </ClCompile>
    <ClCompile Include="..\IMGUI\backends\imgui_impl_win32.cpp">
      <Filter>96. IMGUI\soruces</Filter>
    </ClCompile>
    <ClCompile Include="..\private\Level_Imgui.cpp">
      <Filter>01. Levels\98. Imgui</Filter>
    </ClCompile>
    <ClCompile Include="..\Private\ImWindow_Demo.cpp">
      <Filter>96. IMGUI\01. ImWindow\99. ImWindow_Demo</Filter>
    </ClCompile>
    <ClCompile Include="..\Private\ImWindow.cpp">
      <Filter>96. IMGUI\01. ImWindow</Filter>
    </ClCompile>
    <ClCompile Include="..\Private\ImWindow_Manager.cpp">
      <Filter>96. IMGUI\00. Manager</Filter>
    </ClCompile>
    <ClCompile Include="..\private\Cube.cpp">
      <Filter>02. GameObjects\Cube</Filter>
    </ClCompile>
    <ClCompile Include="..\Private\ImMode.cpp">
      <Filter>96. IMGUI\01. ImWindow\98. ImMode</Filter>
    </ClCompile>
    <ClCompile Include="..\private\ImVertex.cpp">
      <Filter>96. IMGUI\03. ImVertex</Filter>
    </ClCompile>
    <ClCompile Include="..\private\ImWindow_SaveLoads.cpp">
      <Filter>96. IMGUI\01. ImWindow\08. ImWindow_SaveLoad</Filter>
    </ClCompile>
    <ClCompile Include="..\private\ImWindow_ObjectTool.cpp">
      <Filter>96. IMGUI\01. ImWindow\01. ImWindow_ObjectTool</Filter>
    </ClCompile>
    <ClCompile Include="..\Private\ImWindow_MapTool.cpp">
      <Filter>96. IMGUI\01. ImWindow\02. ImWindow_MapTool</Filter>
    </ClCompile>
    <ClCompile Include="..\Private\ImGuiFileDialog.cpp">
      <Filter>96. IMGUI\03. ImVertex\filedialog</Filter>
    </ClCompile>
    <ClCompile Include="..\private\Clint.cpp">
      <Filter>02. GameObjects\Clint</Filter>
    </ClCompile>
    <ClCompile Include="..\private\BushA.cpp">
      <Filter>02. GameObjects\BackGround\1 모으기용\BushA</Filter>
    </ClCompile>
    <ClCompile Include="..\Private\Bush01.cpp">
      <Filter>02. GameObjects\BackGround\1 모으기용\Bush01</Filter>
    </ClCompile>
    <ClCompile Include="..\Private\BushB.cpp">
      <Filter>02. GameObjects\BackGround\1 모으기용\BushB</Filter>
    </ClCompile>
    <ClCompile Include="..\Private\BushC.cpp">
      <Filter>02. GameObjects\BackGround\1 모으기용\BushC</Filter>
    </ClCompile>
    <ClCompile Include="..\private\Cage.cpp">
      <Filter>02. GameObjects\BackGround\1 모으기용\Cage</Filter>
    </ClCompile>
    <ClCompile Include="..\private\ClintIdle.cpp">
      <Filter>02. GameObjects\Clint\State</Filter>
    </ClCompile>
    <ClCompile Include="..\private\ClintRun.cpp">
      <Filter>02. GameObjects\Clint\State</Filter>
    </ClCompile>
    <ClCompile Include="..\Private\ClintDash.cpp">
      <Filter>02. GameObjects\Clint\State</Filter>
    </ClCompile>
    <ClCompile Include="..\private\Pistola.cpp">
      <Filter>02. GameObjects\Pistola</Filter>
    </ClCompile>
    <ClCompile Include="..\private\ClintShoot.cpp">
      <Filter>02. GameObjects\Clint\State</Filter>
    </ClCompile>
    <ClCompile Include="..\Private\Alien_prawn.cpp">
      <Filter>02. GameObjects\Alien_prawn</Filter>
    </ClCompile>
    <ClCompile Include="..\private\Alien_prawnIdle.cpp">
      <Filter>02. GameObjects\Alien_prawn\State</Filter>
    </ClCompile>
    <ClCompile Include="..\private\Alien_prawnRun.cpp">
      <Filter>02. GameObjects\Alien_prawn\State</Filter>
    </ClCompile>
    <ClCompile Include="..\private\ClientInstance.cpp">
      <Filter>95. Design</Filter>
    </ClCompile>
    <ClCompile Include="..\private\Alien_prawnAttack.cpp">
      <Filter>02. GameObjects\Alien_prawn\State</Filter>
    </ClCompile>
    <ClCompile Include="..\private\ClintBasicBullet.cpp">
      <Filter>02. GameObjects\Bullet\ClintBasicBullet</Filter>
    </ClCompile>
    <ClCompile Include="..\private\Alien_prawnDead.cpp">
      <Filter>02. GameObjects\Alien_prawn\State</Filter>
    </ClCompile>
    <ClCompile Include="..\private\ClintUltimate01.cpp">
      <Filter>02. GameObjects\Clint\State</Filter>
    </ClCompile>
    <ClCompile Include="..\Private\ClintUltimate01Bullet.cpp">
      <Filter>02. GameObjects\Bullet\ClintUltimateBullet</Filter>
    </ClCompile>
    <ClCompile Include="..\private\Bullet.cpp">
      <Filter>02. GameObjects\Bullet</Filter>
    </ClCompile>
    <ClCompile Include="..\private\Sky.cpp">
      <Filter>02. GameObjects\Sky</Filter>
    </ClCompile>
    <ClCompile Include="..\private\Blue_Snow.cpp">
      <Filter>02. GameObjects\Effect\Instancing\Blue</Filter>
    </ClCompile>
    <ClCompile Include="..\private\Red_Snow.cpp" />
    <ClCompile Include="..\private\LargeVolcanicRock_002_Red_Desert.cpp">
      <Filter>02. GameObjects\BackGround\LargeVolcanicRock_002_Red_Desert</Filter>
    </ClCompile>
    <ClCompile Include="..\private\LargeVolcanicRock_004_Red_Desert.cpp">
      <Filter>02. GameObjects\BackGround\LargeVolcanicRock_004_Red_Desert</Filter>
    </ClCompile>
    <ClCompile Include="..\private\SM_Cliff01.cpp">
      <Filter>02. GameObjects\BackGround\SM_Cliff01</Filter>
    </ClCompile>
    <ClCompile Include="..\private\SM_LargePlainsBoulder002.cpp">
      <Filter>02. GameObjects\BackGround\SM_LargePlainsBoulder002</Filter>
    </ClCompile>
    <ClCompile Include="..\private\SM_LargePlainsBoulder002_Red_Desert.cpp">
      <Filter>02. GameObjects\BackGround\SM_LargePlainsBoulder002_Red_Desert</Filter>
    </ClCompile>
    <ClCompile Include="..\private\SM_LargePlainsBoulder003.cpp">
      <Filter>02. GameObjects\BackGround\SM_LargePlainsBoulder003</Filter>
    </ClCompile>
    <ClCompile Include="..\private\SM_MountainRock.cpp">
      <Filter>02. GameObjects\BackGround\SM_MountainRock</Filter>
    </ClCompile>
    <ClCompile Include="..\private\SM_MountainRock_Closed.cpp">
      <Filter>02. GameObjects\BackGround\SM_MountainRock_Closed</Filter>
    </ClCompile>
    <ClCompile Include="..\private\Kemmekh_Formacion_rocosa.cpp">
      <Filter>02. GameObjects\BackGround\Kemmekh_Formacion_rocosa</Filter>
    </ClCompile>
    <ClCompile Include="..\private\Kemmekh_wall.cpp">
      <Filter>02. GameObjects\BackGround\Kemmekh_wall</Filter>
    </ClCompile>
    <ClCompile Include="..\private\SM_Barriletes.cpp">
      <Filter>02. GameObjects\BackGround\SM_Barriletes</Filter>
    </ClCompile>
    <ClCompile Include="..\private\SM_Wall02.cpp">
      <Filter>02. GameObjects\BackGround\SM_Wall02</Filter>
    </ClCompile>
    <ClCompile Include="..\private\SM_Wall01.cpp">
      <Filter>02. GameObjects\BackGround\SM_Wall01</Filter>
    </ClCompile>
    <ClCompile Include="..\private\SM_TrozoPared.cpp">
      <Filter>02. GameObjects\BackGround\SM_TrozoPared</Filter>
    </ClCompile>
    <ClCompile Include="..\private\SM_Relic.cpp">
      <Filter>02. GameObjects\BackGround\SM_Relic</Filter>
    </ClCompile>
    <ClCompile Include="..\private\SM_Pueblo02.cpp">
      <Filter>02. GameObjects\BackGround\SM_Pueblo02</Filter>
    </ClCompile>
    <ClCompile Include="..\private\SM_Poblado01.cpp">
      <Filter>02. GameObjects\BackGround\SM_Poblado01</Filter>
    </ClCompile>
    <ClCompile Include="..\private\SM_Poblado.cpp">
      <Filter>02. GameObjects\BackGround\SM_Poblado</Filter>
    </ClCompile>
    <ClCompile Include="..\private\SM_Piedras.cpp">
      <Filter>02. GameObjects\BackGround\SM_Piedras</Filter>
    </ClCompile>
    <ClCompile Include="..\private\SM_MultiLake02.cpp">
      <Filter>02. GameObjects\BackGround\SM_MultiLake02</Filter>
    </ClCompile>
    <ClCompile Include="..\private\SM_MiniBujer.cpp">
      <Filter>02. GameObjects\BackGround\SM_MiniBujer</Filter>
    </ClCompile>
    <ClCompile Include="..\private\SM_Mina2.cpp">
      <Filter>02. GameObjects\BackGround\SM_Mina2</Filter>
    </ClCompile>
    <ClCompile Include="..\private\SM_MERGED_RailSupportB2_452.cpp">
      <Filter>02. GameObjects\BackGround\SM_MERGED_RailSupportB2_452</Filter>
    </ClCompile>
    <ClCompile Include="..\private\SM_MERGED_MultiRock371.cpp">
      <Filter>02. GameObjects\BackGround\SM_MERGED_MultiRock371</Filter>
    </ClCompile>
    <ClCompile Include="..\private\SM_LaMina.cpp">
      <Filter>02. GameObjects\BackGround\SM_LaMina</Filter>
    </ClCompile>
    <ClCompile Include="..\private\SM_LagoSmall.cpp">
      <Filter>02. GameObjects\BackGround\SM_LagoSmall</Filter>
    </ClCompile>
    <ClCompile Include="..\private\SM_GenericWall01.cpp">
      <Filter>02. GameObjects\BackGround\SM_GenericWall01</Filter>
    </ClCompile>
    <ClCompile Include="..\private\SM_CrystalYRocas.cpp">
      <Filter>02. GameObjects\BackGround\SM_CrystalYRocas</Filter>
    </ClCompile>
    <ClCompile Include="..\private\SM_Crystal.cpp">
      <Filter>02. GameObjects\BackGround\SM_Crystal</Filter>
    </ClCompile>
    <ClCompile Include="..\private\Cave.cpp">
      <Filter>02. GameObjects\BackGround\1 모으기용\Cave</Filter>
    </ClCompile>
    <ClCompile Include="..\private\CraterA.cpp">
      <Filter>02. GameObjects\BackGround\1 모으기용\CraterA</Filter>
    </ClCompile>
    <ClCompile Include="..\private\CraterB.cpp">
      <Filter>02. GameObjects\BackGround\1 모으기용\CraterB</Filter>
    </ClCompile>
    <ClCompile Include="..\private\CraterC.cpp">
      <Filter>02. GameObjects\BackGround\1 모으기용\CraterC</Filter>
    </ClCompile>
    <ClCompile Include="..\private\Kemmek_Hole.cpp">
      <Filter>02. GameObjects\BackGround\1 모으기용\Kemmek_Hole</Filter>
    </ClCompile>
    <ClCompile Include="..\private\MineCrystalsA.cpp">
      <Filter>02. GameObjects\BackGround\1 모으기용\MineCrystalsA</Filter>
    </ClCompile>
    <ClCompile Include="..\private\MineCrystalsB.cpp">
      <Filter>02. GameObjects\BackGround\1 모으기용\MineCrystalsB</Filter>
    </ClCompile>
    <ClCompile Include="..\private\MineCrystalsC.cpp">
      <Filter>02. GameObjects\BackGround\1 모으기용\MineCrystalsC</Filter>
    </ClCompile>
    <ClCompile Include="..\private\MineCrystalsD.cpp">
      <Filter>02. GameObjects\BackGround\1 모으기용\MineCrystalsD</Filter>
    </ClCompile>
    <ClCompile Include="..\private\MineCrystalsE.cpp">
      <Filter>02. GameObjects\BackGround\1 모으기용\MineCrystalsE</Filter>
    </ClCompile>
    <ClCompile Include="..\private\MineCrystalsF.cpp">
      <Filter>02. GameObjects\BackGround\1 모으기용\MineCrystalsF</Filter>
    </ClCompile>
    <ClCompile Include="..\private\TreeA.cpp">
      <Filter>02. GameObjects\BackGround\1 모으기용\TreeA</Filter>
    </ClCompile>
    <ClCompile Include="..\private\TreeB1.cpp">
      <Filter>02. GameObjects\BackGround\1 모으기용\TreeB1</Filter>
    </ClCompile>
    <ClCompile Include="..\private\TreeB2.cpp">
      <Filter>02. GameObjects\BackGround\1 모으기용\TreeB2</Filter>
    </ClCompile>
    <ClCompile Include="..\Private\ImWindow_CameraTool.cpp">
      <Filter>96. IMGUI\01. ImWindow\03. ImWindow_CameraTool</Filter>
    </ClCompile>
    <ClCompile Include="..\Private\ImWindow_AnimationTool.cpp">
      <Filter>96. IMGUI\01. ImWindow\04. ImWindow_AnimationTool</Filter>
    </ClCompile>
    <ClCompile Include="..\Private\ImWindow_UITool.cpp">
      <Filter>96. IMGUI\01. ImWindow\06. ImWindow_UITool</Filter>
    </ClCompile>
    <ClCompile Include="..\Private\ImWindow_LightTool.cpp">
      <Filter>96. IMGUI\01. ImWindow\07. ImWindow_LightTool</Filter>
    </ClCompile>
    <ClCompile Include="..\Private\ImWindow_EffectTool.cpp">
      <Filter>96. IMGUI\01. ImWindow\05. ImWindow_EffectTool</Filter>
    </ClCompile>
    <ClCompile Include="..\private\EditCamera.cpp">
      <Filter>02. GameObjects\Camera</Filter>
    </ClCompile>
  </ItemGroup>
  <ItemGroup>
    <ResourceCompile Include="Client.rc">
      <Filter>98. Default</Filter>
    </ResourceCompile>
  </ItemGroup>
  <ItemGroup>
    <FxCompile Include="..\Bin\ShaderFiles\Shader_Vtxtex.hlsl">
      <Filter>97. ShaderFiles</Filter>
    </FxCompile>
    <FxCompile Include="..\Bin\ShaderFiles\Shader_VtxNorTex.hlsl">
      <Filter>97. ShaderFiles</Filter>
    </FxCompile>
    <FxCompile Include="..\Bin\ShaderFiles\Shader_VtxCol.hlsl">
      <Filter>97. ShaderFiles</Filter>
    </FxCompile>
    <FxCompile Include="..\Bin\ShaderFiles\Shader_VtxAnimMesh.hlsl">
      <Filter>97. ShaderFiles</Filter>
    </FxCompile>
    <FxCompile Include="..\Bin\ShaderFiles\Shader_VtxMesh.hlsl">
      <Filter>97. ShaderFiles</Filter>
    </FxCompile>
    <FxCompile Include="..\Bin\ShaderFiles\Shader_VtxCube.hlsl">
      <Filter>97. ShaderFiles</Filter>
    </FxCompile>
    <FxCompile Include="..\Bin\ShaderFiles\Shader_VtxPointInstance.hlsl">
      <Filter>97. ShaderFiles</Filter>
    </FxCompile>
    <FxCompile Include="..\Bin\ShaderFiles\Shader_VtxTexInstance.hlsl">
      <Filter>97. ShaderFiles</Filter>
    </FxCompile>
  </ItemGroup>
  <ItemGroup>
    <None Include="..\IMGUI\misc\debuggers\imgui.natstepfilter">
      <Filter>96. IMGUI\99. imgui</Filter>
    </None>
  </ItemGroup>
  <ItemGroup>
    <Natvis Include="..\IMGUI\misc\debuggers\imgui.natvis">
      <Filter>96. IMGUI\99. imgui</Filter>
    </Natvis>
  </ItemGroup>
</Project>